// !$*UTF8*$!
{
	archiveVersion = 1;
	classes = {
	};
	objectVersion = 46;
	objects = {

/* Begin PBXBuildFile section */
		008F6C29FE42445C9B9717AA /* DockedTabControl.cpp in Sources */ = {isa = PBXBuildFile; fileRef = DD9081CC56654340B54DAC90 /* DockedTabControl.cpp */; };
		0091D8F90E81B9330029341E /* OpenGL.framework in Frameworks */ = {isa = PBXBuildFile; fileRef = 0091D8F80E81B9330029341E /* OpenGL.framework */; };
		00B784B30FF439BC000DE1D7 /* Accelerate.framework in Frameworks */ = {isa = PBXBuildFile; fileRef = 00B784AF0FF439BC000DE1D7 /* Accelerate.framework */; };
		00B784B40FF439BC000DE1D7 /* AudioToolbox.framework in Frameworks */ = {isa = PBXBuildFile; fileRef = 00B784B00FF439BC000DE1D7 /* AudioToolbox.framework */; };
		00B784B50FF439BC000DE1D7 /* AudioUnit.framework in Frameworks */ = {isa = PBXBuildFile; fileRef = 00B784B10FF439BC000DE1D7 /* AudioUnit.framework */; };
		00B784B60FF439BC000DE1D7 /* CoreAudio.framework in Frameworks */ = {isa = PBXBuildFile; fileRef = 00B784B20FF439BC000DE1D7 /* CoreAudio.framework */; };
		075D3511F09F4D01B6CD4D60 /* WindowControl.cpp in Sources */ = {isa = PBXBuildFile; fileRef = 81E2BC91DD8649E5A5F4668C /* WindowControl.cpp */; };
		080240D96C584AF4871C62CB /* ComboBox.cpp in Sources */ = {isa = PBXBuildFile; fileRef = D84CF40867514E15826CDDF4 /* ComboBox.cpp */; };
		11E59A8A16F8171E00C59A3D /* CustomControl.cpp in Sources */ = {isa = PBXBuildFile; fileRef = 11E59A8816F8171E00C59A3D /* CustomControl.cpp */; };
		20639DBA151E4D149728D284 /* Base.cpp in Sources */ = {isa = PBXBuildFile; fileRef = 2279DFAA9F17423DB9753D8A /* Base.cpp */; };
		2DD563285D0948FBA9668849 /* FileOpen.cpp in Sources */ = {isa = PBXBuildFile; fileRef = BCDBBC2999D845EFB9B5D503 /* FileOpen.cpp */; };
		2F4339DBB16B4EBDA33C4E61 /* Rectangle.cpp in Sources */ = {isa = PBXBuildFile; fileRef = E836A18BFAD64EB397A9D211 /* Rectangle.cpp */; };
		30C22417A2284B72BE1973F4 /* Properties.cpp in Sources */ = {isa = PBXBuildFile; fileRef = 24C40FB8DD1C49C9AED3421E /* Properties.cpp */; };
		37A73654CA4F426FA607C24E /* HSVColorPicker.cpp in Sources */ = {isa = PBXBuildFile; fileRef = F58258EC80B8429FA948D935 /* HSVColorPicker.cpp */; };
		3A936C082B704607BE98EFE1 /* ScrollControl.cpp in Sources */ = {isa = PBXBuildFile; fileRef = 69B44A9F9C1249B3972DD36B /* ScrollControl.cpp */; };
		3B5877A937514D758490FDEA /* RichLabel.cpp in Sources */ = {isa = PBXBuildFile; fileRef = DE71DFB47636453A906E4792 /* RichLabel.cpp */; };
		3C729D970E034ABF9777CA86 /* RadioButtonController.cpp in Sources */ = {isa = PBXBuildFile; fileRef = F01D3382DD5B447D9BC2DA7A /* RadioButtonController.cpp */; };
		4581D9DF45944AEBBE4DB4A8 /* ImagePanel.cpp in Sources */ = {isa = PBXBuildFile; fileRef = 81B67ABB0C4E4AFB8F5E9401 /* ImagePanel.cpp */; };
		47779A6560284CE7B6E0DF4A /* RadioButton.cpp in Sources */ = {isa = PBXBuildFile; fileRef = C410911601164260A5488E18 /* RadioButton.cpp */; };
		47B5C5DFB2C04AFC8825D2B6 /* MenuStrip.cpp in Sources */ = {isa = PBXBuildFile; fileRef = E2DE6163A748420A90A68C49 /* MenuStrip.cpp */; };
		4C2CA1E6CFB44954B3F5F9AB /* Button.cpp in Sources */ = {isa = PBXBuildFile; fileRef = 9C182494C823428F91265FB6 /* Button.cpp */; };
		4CE28A91C77A469287D53E8D /* ColorPicker.cpp in Sources */ = {isa = PBXBuildFile; fileRef = 6B3E958E7B3145C69D3B70B5 /* ColorPicker.cpp */; };
		4DBD59F31ABB4A0D9DC3BC0D /* CinderApp.icns in Resources */ = {isa = PBXBuildFile; fileRef = F8F00CDB36AE440BA5EF70D8 /* CinderApp.icns */; };
		4DE4EEEF85D4400592557679 /* VerticalScrollBar.cpp in Sources */ = {isa = PBXBuildFile; fileRef = 7B5220CDC55346F1A2DDAA07 /* VerticalScrollBar.cpp */; };
		5323E6B20EAFCA74003A9687 /* CoreVideo.framework in Frameworks */ = {isa = PBXBuildFile; fileRef = 5323E6B10EAFCA74003A9687 /* CoreVideo.framework */; };
		5323E6B60EAFCA7E003A9687 /* QTKit.framework in Frameworks */ = {isa = PBXBuildFile; fileRef = 5323E6B50EAFCA7E003A9687 /* QTKit.framework */; };
		5C7FC65E2358473A817E4437 /* MenuItem.cpp in Sources */ = {isa = PBXBuildFile; fileRef = 023690056A9A4B7FB0B2A6E3 /* MenuItem.cpp */; };
		5CD43FF45C844D95A93CA1AB /* FileSave.cpp in Sources */ = {isa = PBXBuildFile; fileRef = 939DA35AC9DF4B7EB9DB98BF /* FileSave.cpp */; };
		5F3DD1366F224E3D99D86542 /* HorizontalSlider.cpp in Sources */ = {isa = PBXBuildFile; fileRef = 4AF53439C0E54AD189380B3A /* HorizontalSlider.cpp */; };
		6796479292CB4484B45BE2F0 /* ListBox.cpp in Sources */ = {isa = PBXBuildFile; fileRef = 07E8FC59AAEE4F89948D44D1 /* ListBox.cpp */; };
		6C87561E67764231998A0EC9 /* Label.cpp in Sources */ = {isa = PBXBuildFile; fileRef = CDE5F5633AC14CF2BA48A574 /* Label.cpp */; };
		6E67D7DAA8904AA4B16FF0F4 /* ScrollBarButton.cpp in Sources */ = {isa = PBXBuildFile; fileRef = A59220F9DEFD424FB4652AFA /* ScrollBarButton.cpp */; };
		718EC7251947431A99DBCEBA /* TabControl.cpp in Sources */ = {isa = PBXBuildFile; fileRef = 6E29DB85AF20429A95FACE96 /* TabControl.cpp */; };
		72A29914EBB3490FB6692B2D /* ScrollBarBar.cpp in Sources */ = {isa = PBXBuildFile; fileRef = D68367912A094FF9911934BA /* ScrollBarBar.cpp */; };
		7702CFA0C121459B923E183E /* TreeControl.cpp in Sources */ = {isa = PBXBuildFile; fileRef = 9B69601CEBA54CDAAA4194D6 /* TreeControl.cpp */; };
		7745574464194DD38D6F9BA9 /* TabStrip.cpp in Sources */ = {isa = PBXBuildFile; fileRef = 579C59CBB39A4B42B32A2477 /* TabStrip.cpp */; };
		7F9A107B2BB34D76A8ED2D43 /* CustomControlWindowApp.cpp in Sources */ = {isa = PBXBuildFile; fileRef = 75D9E37F16FB4E7296E4EB7A /* CustomControlWindowApp.cpp */; };
		8333B6EA892845FAB330CC46 /* Text.cpp in Sources */ = {isa = PBXBuildFile; fileRef = 901BF0ADAC324AD3ADDB2097 /* Text.cpp */; };
		8D11072F0486CEB800E47090 /* Cocoa.framework in Frameworks */ = {isa = PBXBuildFile; fileRef = 1058C7A1FEA54F0111CA2CBB /* Cocoa.framework */; };
		8D390F6E870A43DF89F8D657 /* Gwen.cpp in Sources */ = {isa = PBXBuildFile; fileRef = 6D79B54D00924E9CAB7ABA2B /* Gwen.cpp */; };
		8F2743817CE848DA8077423A /* inputhandler.cpp in Sources */ = {isa = PBXBuildFile; fileRef = C0298AF6DF764911A8B7841B /* inputhandler.cpp */; };
		97C44B9B05C94B3A86AFFA7F /* TextBoxNumeric.cpp in Sources */ = {isa = PBXBuildFile; fileRef = ADDBD48A51474D25BCB4CDF2 /* TextBoxNumeric.cpp */; };
		9C9431682FC64CBA970ACD59 /* VerticalSlider.cpp in Sources */ = {isa = PBXBuildFile; fileRef = 6F2EC2F579C0438BA1624E1D /* VerticalSlider.cpp */; };
		9CB66C29DF9D4776B5872B82 /* PageControl.cpp in Sources */ = {isa = PBXBuildFile; fileRef = 4B9DAE5EC2AC44A89652C98B /* PageControl.cpp */; };
		9E06AC2CB9684BEF99609AAE /* ToolTip.cpp in Sources */ = {isa = PBXBuildFile; fileRef = D498F20F3A8746698A539DA3 /* ToolTip.cpp */; };
		9FC48760F57E420F91B048C9 /* DragAndDrop.cpp in Sources */ = {isa = PBXBuildFile; fileRef = 7217DA8A0B2240F4B8D82B6D /* DragAndDrop.cpp */; };
		A3B26D99ED1349ED859242AE /* LabelClickable.cpp in Sources */ = {isa = PBXBuildFile; fileRef = 6987E19258AF412AB31353E5 /* LabelClickable.cpp */; };
		ABE727FAD2DE4FF3A8A9D71C /* Utility.cpp in Sources */ = {isa = PBXBuildFile; fileRef = 8C1734F3213D4362A6641A6D /* Utility.cpp */; };
		AF391AC8D5264C11B78FB7FA /* ColorControls.cpp in Sources */ = {isa = PBXBuildFile; fileRef = CA12300B509B486BA8A0A83D /* ColorControls.cpp */; };
		AF8AE1729BD44D32A6C88DC3 /* Slider.cpp in Sources */ = {isa = PBXBuildFile; fileRef = 0C69E96809AD48E59B86574C /* Slider.cpp */; };
		AFCAAB152DF24B63BBDA99EA /* TreeNode.cpp in Sources */ = {isa = PBXBuildFile; fileRef = 0BE2CCB4DDD348ACA8C73E09 /* TreeNode.cpp */; };
		B62252EA2FE6470996F5BCB8 /* CheckBox.cpp in Sources */ = {isa = PBXBuildFile; fileRef = A43D9F09C82F49B3B15AAEF2 /* CheckBox.cpp */; };
		B7579093F36647CCADB0B65A /* DockBase.cpp in Sources */ = {isa = PBXBuildFile; fileRef = FDD7A202DECF4D598D7C0259 /* DockBase.cpp */; };
		B78E17E2DC23451CB01769E5 /* Query.cpp in Sources */ = {isa = PBXBuildFile; fileRef = B5C514DB056C40EC8E626AC6 /* Query.cpp */; };
		B7C0DF066E92444BB98FA1C4 /* Canvas.cpp in Sources */ = {isa = PBXBuildFile; fileRef = 05946B1BF0DE469BBDC65EE8 /* Canvas.cpp */; };
		B7D66E750FB84A34BD54785E /* Skin.cpp in Sources */ = {isa = PBXBuildFile; fileRef = E21E575460104D53AEA939FE /* Skin.cpp */; };
		BAB071F722BB4800B1AA0F48 /* GwenInput.cpp in Sources */ = {isa = PBXBuildFile; fileRef = 147F93A01EA249FCB8A91235 /* GwenInput.cpp */; };
		BD3184B6D03F49B786BB9D2C /* Resizer.cpp in Sources */ = {isa = PBXBuildFile; fileRef = 50A222D46A98495EB2142785 /* Resizer.cpp */; };
		C3C3B729356A4865837E89EE /* HorizontalScrollBar.cpp in Sources */ = {isa = PBXBuildFile; fileRef = 7DAFA547EEDA47668C2C2B5F /* HorizontalScrollBar.cpp */; };
		C87F1F656F194AC299EC8D84 /* ProgressBar.cpp in Sources */ = {isa = PBXBuildFile; fileRef = 493058ED8BBB46CD90C28F9A /* ProgressBar.cpp */; };
		CAB04D2AC73D4D4A9B85C678 /* Dragger.cpp in Sources */ = {isa = PBXBuildFile; fileRef = D34C39ACE879480F9155F830 /* Dragger.cpp */; };
		CE0436D7809C42B69CCECA1C /* GroupBox.cpp in Sources */ = {isa = PBXBuildFile; fileRef = FE2797051317409A889B9358 /* GroupBox.cpp */; };
		D3CEFCB476944EDD8573A3D6 /* Hook.cpp in Sources */ = {isa = PBXBuildFile; fileRef = 6CE38111AB0F419A85381DD3 /* Hook.cpp */; };
		D508FA1AB0A44C5EA565A898 /* NumericUpDown.cpp in Sources */ = {isa = PBXBuildFile; fileRef = E2FF13A770D843FC9E0477D9 /* NumericUpDown.cpp */; };
		D670621A7E7E4A21ABCCE5B1 /* FolderOpen.cpp in Sources */ = {isa = PBXBuildFile; fileRef = 042A7D7097554EA0A99E9A45 /* FolderOpen.cpp */; };
		D78B173E832B40FFBBE17788 /* BaseRender.cpp in Sources */ = {isa = PBXBuildFile; fileRef = D389944E0A8C4DE086D4941F /* BaseRender.cpp */; };
		D919A36EDD0F4577A2741706 /* TabButton.cpp in Sources */ = {isa = PBXBuildFile; fileRef = 3CF5EB2D21484C6495CBA3C0 /* TabButton.cpp */; };
		DD0B73F9FFFD4078B4DDC399 /* CinderGwen.cpp in Sources */ = {isa = PBXBuildFile; fileRef = D49FEA6F6B3047369440E7F1 /* CinderGwen.cpp */; };
		E0F45EBD45254D8594A8B61B /* Anim.cpp in Sources */ = {isa = PBXBuildFile; fileRef = 50787B1EF3BB485DB531811E /* Anim.cpp */; };
		E18640FC80CC4798847002B6 /* ScrollBar.cpp in Sources */ = {isa = PBXBuildFile; fileRef = 00F893EAF5A24E2B88048440 /* ScrollBar.cpp */; };
		E582F11EA1AE42FEAA6561D9 /* CollapsibleCategory.cpp in Sources */ = {isa = PBXBuildFile; fileRef = 7E28B2CFA3904AC0B1302524 /* CollapsibleCategory.cpp */; };
		E61FC0012946429BAB824EF0 /* TextBox.cpp in Sources */ = {isa = PBXBuildFile; fileRef = FEDB4630C2914C5C88CB272A /* TextBox.cpp */; };
		EF2AD93D575F4924BBD4E429 /* PropertyTree.cpp in Sources */ = {isa = PBXBuildFile; fileRef = 5004333BA336459EA179373F /* PropertyTree.cpp */; };
		EF2BA8AF038C47A399A3FDDE /* ControlList.cpp in Sources */ = {isa = PBXBuildFile; fileRef = 0E121C11E84043C99FD1C0CB /* ControlList.cpp */; };
		F11A80616AD84AE796408ABA /* ResizableControl.cpp in Sources */ = {isa = PBXBuildFile; fileRef = 0E7C6E9CCC0A45689F51545A /* ResizableControl.cpp */; };
		F199B464016D4E85903EDD11 /* Menu.cpp in Sources */ = {isa = PBXBuildFile; fileRef = 7C101A736E5A427E992C0A7C /* Menu.cpp */; };
		F2F349E590864CB69CAA6656 /* SplitterBar.cpp in Sources */ = {isa = PBXBuildFile; fileRef = 026061DB94D747238D09AED1 /* SplitterBar.cpp */; };
		F4D46A9D47A24B86AFC96518 /* events.cpp in Sources */ = {isa = PBXBuildFile; fileRef = 440BFC1C74CC412A8EDF1CF7 /* events.cpp */; };
		F71D4B9591D845EE8105C0A4 /* GwenRendererGl.cpp in Sources */ = {isa = PBXBuildFile; fileRef = E446164C205542559DC4FF3B /* GwenRendererGl.cpp */; };
		F8811A8EC46542DBBFA353F9 /* WindowCanvas.cpp in Sources */ = {isa = PBXBuildFile; fileRef = BB6D0EC06C1D495E85389CD9 /* WindowCanvas.cpp */; };
		FA21B0212C0F42B89686B754 /* CrossSplitter.cpp in Sources */ = {isa = PBXBuildFile; fileRef = 4BC29370B2E84732B9FB7ED2 /* CrossSplitter.cpp */; };
/* End PBXBuildFile section */

/* Begin PBXFileReference section */
		006CFA11972940F9844283A2 /* BaseProperty.h */ = {isa = PBXFileReference; lastKnownFileType = sourcecode.c.h; name = BaseProperty.h; path = ../../../gwen/gwen/include/Gwen/Controls/Property/BaseProperty.h; sourceTree = "<group>"; };
		0091D8F80E81B9330029341E /* OpenGL.framework */ = {isa = PBXFileReference; lastKnownFileType = wrapper.framework; name = OpenGL.framework; path = /System/Library/Frameworks/OpenGL.framework; sourceTree = "<absolute>"; };
		00B784AF0FF439BC000DE1D7 /* Accelerate.framework */ = {isa = PBXFileReference; lastKnownFileType = wrapper.framework; name = Accelerate.framework; path = System/Library/Frameworks/Accelerate.framework; sourceTree = SDKROOT; };
		00B784B00FF439BC000DE1D7 /* AudioToolbox.framework */ = {isa = PBXFileReference; lastKnownFileType = wrapper.framework; name = AudioToolbox.framework; path = System/Library/Frameworks/AudioToolbox.framework; sourceTree = SDKROOT; };
		00B784B10FF439BC000DE1D7 /* AudioUnit.framework */ = {isa = PBXFileReference; lastKnownFileType = wrapper.framework; name = AudioUnit.framework; path = System/Library/Frameworks/AudioUnit.framework; sourceTree = SDKROOT; };
		00B784B20FF439BC000DE1D7 /* CoreAudio.framework */ = {isa = PBXFileReference; lastKnownFileType = wrapper.framework; name = CoreAudio.framework; path = System/Library/Frameworks/CoreAudio.framework; sourceTree = SDKROOT; };
		00F893EAF5A24E2B88048440 /* ScrollBar.cpp */ = {isa = PBXFileReference; lastKnownFileType = sourcecode.c.cpp; name = ScrollBar.cpp; path = ../../../gwen/gwen/src/Controls/ScrollBar.cpp; sourceTree = "<group>"; };
		023690056A9A4B7FB0B2A6E3 /* MenuItem.cpp */ = {isa = PBXFileReference; lastKnownFileType = sourcecode.c.cpp; name = MenuItem.cpp; path = ../../../gwen/gwen/src/Controls/MenuItem.cpp; sourceTree = "<group>"; };
		026061DB94D747238D09AED1 /* SplitterBar.cpp */ = {isa = PBXFileReference; lastKnownFileType = sourcecode.c.cpp; name = SplitterBar.cpp; path = ../../../gwen/gwen/src/Controls/SplitterBar.cpp; sourceTree = "<group>"; };
		03F31DB71E68412584FE4674 /* TreeControl.h */ = {isa = PBXFileReference; lastKnownFileType = sourcecode.c.h; name = TreeControl.h; path = ../../../gwen/gwen/include/Gwen/Controls/TreeControl.h; sourceTree = "<group>"; };
		042A7D7097554EA0A99E9A45 /* FolderOpen.cpp */ = {isa = PBXFileReference; lastKnownFileType = sourcecode.c.cpp; name = FolderOpen.cpp; path = ../../../gwen/gwen/src/Controls/Dialog/FolderOpen.cpp; sourceTree = "<group>"; };
		05946B1BF0DE469BBDC65EE8 /* Canvas.cpp */ = {isa = PBXFileReference; lastKnownFileType = sourcecode.c.cpp; name = Canvas.cpp; path = ../../../gwen/gwen/src/Controls/Canvas.cpp; sourceTree = "<group>"; };
		05B30131E8A74F87B8259771 /* Query.h */ = {isa = PBXFileReference; lastKnownFileType = sourcecode.c.h; name = Query.h; path = ../../../gwen/gwen/include/Gwen/Controls/Dialogs/Query.h; sourceTree = "<group>"; };
		06DB779A637D40A8A4063ADB /* ResizableControl.h */ = {isa = PBXFileReference; lastKnownFileType = sourcecode.c.h; name = ResizableControl.h; path = ../../../gwen/gwen/include/Gwen/Controls/ResizableControl.h; sourceTree = "<group>"; };
		07E8FC59AAEE4F89948D44D1 /* ListBox.cpp */ = {isa = PBXFileReference; lastKnownFileType = sourcecode.c.cpp; name = ListBox.cpp; path = ../../../gwen/gwen/src/Controls/ListBox.cpp; sourceTree = "<group>"; };
		086C244C5854460DB8F3A7ED /* FolderPicker.h */ = {isa = PBXFileReference; lastKnownFileType = sourcecode.c.h; name = FolderPicker.h; path = ../../../gwen/gwen/include/Gwen/Controls/FolderPicker.h; sourceTree = "<group>"; };
		0BE2CCB4DDD348ACA8C73E09 /* TreeNode.cpp */ = {isa = PBXFileReference; lastKnownFileType = sourcecode.c.cpp; name = TreeNode.cpp; path = ../../../gwen/gwen/src/Controls/TreeNode.cpp; sourceTree = "<group>"; };
		0C69E96809AD48E59B86574C /* Slider.cpp */ = {isa = PBXFileReference; lastKnownFileType = sourcecode.c.cpp; name = Slider.cpp; path = ../../../gwen/gwen/src/Controls/Slider.cpp; sourceTree = "<group>"; };
		0E121C11E84043C99FD1C0CB /* ControlList.cpp */ = {isa = PBXFileReference; lastKnownFileType = sourcecode.c.cpp; name = ControlList.cpp; path = ../../../gwen/gwen/src/ControlList.cpp; sourceTree = "<group>"; };
		0E7C6E9CCC0A45689F51545A /* ResizableControl.cpp */ = {isa = PBXFileReference; lastKnownFileType = sourcecode.c.cpp; name = ResizableControl.cpp; path = ../../../gwen/gwen/src/Controls/ResizableControl.cpp; sourceTree = "<group>"; };
		0FBAC54A9DB54D13BC042C0C /* Canvas.h */ = {isa = PBXFileReference; lastKnownFileType = sourcecode.c.h; name = Canvas.h; path = ../../../gwen/gwen/include/Gwen/Controls/Canvas.h; sourceTree = "<group>"; };
		1058C7A1FEA54F0111CA2CBB /* Cocoa.framework */ = {isa = PBXFileReference; lastKnownFileType = wrapper.framework; name = Cocoa.framework; path = /System/Library/Frameworks/Cocoa.framework; sourceTree = "<absolute>"; };
		10AA3B260CD549A589F48DD1 /* DragAndDrop.h */ = {isa = PBXFileReference; lastKnownFileType = sourcecode.c.h; name = DragAndDrop.h; path = ../../../gwen/gwen/include/Gwen/DragAndDrop.h; sourceTree = "<group>"; };
		11E59A8816F8171E00C59A3D /* CustomControl.cpp */ = {isa = PBXFileReference; fileEncoding = 4; lastKnownFileType = sourcecode.cpp.cpp; name = CustomControl.cpp; path = ../src/CustomControl.cpp; sourceTree = "<group>"; };
		11E59A8916F8171E00C59A3D /* CustomControl.h */ = {isa = PBXFileReference; fileEncoding = 4; lastKnownFileType = sourcecode.c.h; name = CustomControl.h; path = ../src/CustomControl.h; sourceTree = "<group>"; };
		13C35750C3FC413EB3170F3C /* Macros.h */ = {isa = PBXFileReference; lastKnownFileType = sourcecode.c.h; name = Macros.h; path = ../../../gwen/gwen/include/Gwen/Macros.h; sourceTree = "<group>"; };
		147F93A01EA249FCB8A91235 /* GwenInput.cpp */ = {isa = PBXFileReference; lastKnownFileType = sourcecode.c.cpp; name = GwenInput.cpp; path = ../../../src/cigwen/GwenInput.cpp; sourceTree = "<group>"; };
		1E65BFDA27A34494BA7087F1 /* GwenInput.h */ = {isa = PBXFileReference; lastKnownFileType = sourcecode.c.h; name = GwenInput.h; path = ../../../src/cigwen/GwenInput.h; sourceTree = "<group>"; };
		2279DFAA9F17423DB9753D8A /* Base.cpp */ = {isa = PBXFileReference; lastKnownFileType = sourcecode.c.cpp; name = Base.cpp; path = ../../../gwen/gwen/src/Controls/Base.cpp; sourceTree = "<group>"; };
		2415B5C9F02143E48B3B994A /* Resizer.h */ = {isa = PBXFileReference; lastKnownFileType = sourcecode.c.h; name = Resizer.h; path = ../../../gwen/gwen/include/Gwen/Controls/Resizer.h; sourceTree = "<group>"; };
		24C40FB8DD1C49C9AED3421E /* Properties.cpp */ = {isa = PBXFileReference; lastKnownFileType = sourcecode.c.cpp; name = Properties.cpp; path = ../../../gwen/gwen/src/Controls/Properties.cpp; sourceTree = "<group>"; };
		256456E40EF14ADA8CA37253 /* ScrollBarBar.h */ = {isa = PBXFileReference; lastKnownFileType = sourcecode.c.h; name = ScrollBarBar.h; path = ../../../gwen/gwen/include/Gwen/Controls/ScrollBarBar.h; sourceTree = "<group>"; };
		2829426900E24FE8BC5EF104 /* Text.h */ = {isa = PBXFileReference; lastKnownFileType = sourcecode.c.h; name = Text.h; path = ../../../gwen/gwen/include/Gwen/Controls/Text.h; sourceTree = "<group>"; };
		29AF0F26AEB44644BB19B6C0 /* TabControl.h */ = {isa = PBXFileReference; lastKnownFileType = sourcecode.c.h; name = TabControl.h; path = ../../../gwen/gwen/include/Gwen/Controls/TabControl.h; sourceTree = "<group>"; };
		29B97324FDCFA39411CA2CEA /* AppKit.framework */ = {isa = PBXFileReference; lastKnownFileType = wrapper.framework; name = AppKit.framework; path = /System/Library/Frameworks/AppKit.framework; sourceTree = "<absolute>"; };
		29B97325FDCFA39411CA2CEA /* Foundation.framework */ = {isa = PBXFileReference; lastKnownFileType = wrapper.framework; name = Foundation.framework; path = /System/Library/Frameworks/Foundation.framework; sourceTree = "<absolute>"; };
		29D61A9D465445A5B20E3EFA /* MenuItem.h */ = {isa = PBXFileReference; lastKnownFileType = sourcecode.c.h; name = MenuItem.h; path = ../../../gwen/gwen/include/Gwen/Controls/MenuItem.h; sourceTree = "<group>"; };
		2DD4D69C00C6453CBC0076E6 /* Skin.h */ = {isa = PBXFileReference; lastKnownFileType = sourcecode.c.h; name = Skin.h; path = ../../../gwen/gwen/include/Gwen/Skin.h; sourceTree = "<group>"; };
		34592C3F78864A95A71A2C71 /* Texture.h */ = {isa = PBXFileReference; lastKnownFileType = sourcecode.c.h; name = Texture.h; path = ../../../gwen/gwen/include/Gwen/Texture.h; sourceTree = "<group>"; };
		36485D7D33AC4A3781183B3C /* ImagePanel.h */ = {isa = PBXFileReference; lastKnownFileType = sourcecode.c.h; name = ImagePanel.h; path = ../../../gwen/gwen/include/Gwen/Controls/ImagePanel.h; sourceTree = "<group>"; };
		36EB3266C7DC423C850EE6FA /* GwenRendererGl.h */ = {isa = PBXFileReference; lastKnownFileType = sourcecode.c.h; name = GwenRendererGl.h; path = ../../../src/cigwen/GwenRendererGl.h; sourceTree = "<group>"; };
		397FBB885E1443D89C2B94C9 /* TextBox.h */ = {isa = PBXFileReference; lastKnownFileType = sourcecode.c.h; name = TextBox.h; path = ../../../gwen/gwen/include/Gwen/Controls/TextBox.h; sourceTree = "<group>"; };
		3CF5EB2D21484C6495CBA3C0 /* TabButton.cpp */ = {isa = PBXFileReference; lastKnownFileType = sourcecode.c.cpp; name = TabButton.cpp; path = ../../../gwen/gwen/src/Controls/TabButton.cpp; sourceTree = "<group>"; };
		40EA2AE133E1415CA775C071 /* CheckBox.h */ = {isa = PBXFileReference; lastKnownFileType = sourcecode.c.h; name = CheckBox.h; path = ../../../gwen/gwen/include/Gwen/Controls/CheckBox.h; sourceTree = "<group>"; };
		42D58D2E17454B4EB2FA98FD /* HorizontalScrollBar.h */ = {isa = PBXFileReference; lastKnownFileType = sourcecode.c.h; name = HorizontalScrollBar.h; path = ../../../gwen/gwen/include/Gwen/Controls/HorizontalScrollBar.h; sourceTree = "<group>"; };
		440BFC1C74CC412A8EDF1CF7 /* events.cpp */ = {isa = PBXFileReference; lastKnownFileType = sourcecode.c.cpp; name = events.cpp; path = ../../../gwen/gwen/src/events.cpp; sourceTree = "<group>"; };
		4470AA1DC2C645D8BACFED54 /* Base.h */ = {isa = PBXFileReference; lastKnownFileType = sourcecode.c.h; name = Base.h; path = ../../../gwen/gwen/include/Gwen/Controls/Base.h; sourceTree = "<group>"; };
		4548CF1C96744869AACDF1A3 /* Highlight.h */ = {isa = PBXFileReference; lastKnownFileType = sourcecode.c.h; name = Highlight.h; path = ../../../gwen/gwen/include/Gwen/Controls/Highlight.h; sourceTree = "<group>"; };
		493058ED8BBB46CD90C28F9A /* ProgressBar.cpp */ = {isa = PBXFileReference; lastKnownFileType = sourcecode.c.cpp; name = ProgressBar.cpp; path = ../../../gwen/gwen/src/Controls/ProgressBar.cpp; sourceTree = "<group>"; };
		4AF53439C0E54AD189380B3A /* HorizontalSlider.cpp */ = {isa = PBXFileReference; lastKnownFileType = sourcecode.c.cpp; name = HorizontalSlider.cpp; path = ../../../gwen/gwen/src/Controls/HorizontalSlider.cpp; sourceTree = "<group>"; };
		4B9DAE5EC2AC44A89652C98B /* PageControl.cpp */ = {isa = PBXFileReference; lastKnownFileType = sourcecode.c.cpp; name = PageControl.cpp; path = ../../../gwen/gwen/src/Controls/PageControl.cpp; sourceTree = "<group>"; };
		4BC29370B2E84732B9FB7ED2 /* CrossSplitter.cpp */ = {isa = PBXFileReference; lastKnownFileType = sourcecode.c.cpp; name = CrossSplitter.cpp; path = ../../../gwen/gwen/src/Controls/CrossSplitter.cpp; sourceTree = "<group>"; };
		5004333BA336459EA179373F /* PropertyTree.cpp */ = {isa = PBXFileReference; lastKnownFileType = sourcecode.c.cpp; name = PropertyTree.cpp; path = ../../../gwen/gwen/src/Controls/PropertyTree.cpp; sourceTree = "<group>"; };
		50787B1EF3BB485DB531811E /* Anim.cpp */ = {isa = PBXFileReference; lastKnownFileType = sourcecode.c.cpp; name = Anim.cpp; path = ../../../gwen/gwen/src/Anim.cpp; sourceTree = "<group>"; };
		50A222D46A98495EB2142785 /* Resizer.cpp */ = {isa = PBXFileReference; lastKnownFileType = sourcecode.c.cpp; name = Resizer.cpp; path = ../../../gwen/gwen/src/Controls/Resizer.cpp; sourceTree = "<group>"; };
		51F7ED27E35A49458E8D4280 /* ImportExport.h */ = {isa = PBXFileReference; lastKnownFileType = sourcecode.c.h; name = ImportExport.h; path = ../../../gwen/gwen/include/Gwen/Util/ImportExport.h; sourceTree = "<group>"; };
		5323E6B10EAFCA74003A9687 /* CoreVideo.framework */ = {isa = PBXFileReference; lastKnownFileType = wrapper.framework; name = CoreVideo.framework; path = /System/Library/Frameworks/CoreVideo.framework; sourceTree = "<absolute>"; };
		5323E6B50EAFCA7E003A9687 /* QTKit.framework */ = {isa = PBXFileReference; lastKnownFileType = wrapper.framework; name = QTKit.framework; path = /System/Library/Frameworks/QTKit.framework; sourceTree = "<absolute>"; };
		5623C6FC860F4282A3A6C289 /* FolderOpen.h */ = {isa = PBXFileReference; lastKnownFileType = sourcecode.c.h; name = FolderOpen.h; path = ../../../gwen/gwen/include/Gwen/Controls/Dialogs/FolderOpen.h; sourceTree = "<group>"; };
		5625A39F16124B2ABF0280EE /* ControlFactory.h */ = {isa = PBXFileReference; lastKnownFileType = sourcecode.c.h; name = ControlFactory.h; path = ../../../gwen/gwen/include/Gwen/Util/ControlFactory.h; sourceTree = "<group>"; };
		579C59CBB39A4B42B32A2477 /* TabStrip.cpp */ = {isa = PBXFileReference; lastKnownFileType = sourcecode.c.cpp; name = TabStrip.cpp; path = ../../../gwen/gwen/src/Controls/TabStrip.cpp; sourceTree = "<group>"; };
		59EDDAB645E84B2FB77F938A /* UserData.h */ = {isa = PBXFileReference; lastKnownFileType = sourcecode.c.h; name = UserData.h; path = ../../../gwen/gwen/include/Gwen/UserData.h; sourceTree = "<group>"; };
		5B95D977849C45939ED98568 /* ComboBox.h */ = {isa = PBXFileReference; lastKnownFileType = sourcecode.c.h; name = ComboBox.h; path = ../../../gwen/gwen/include/Gwen/Controls/Property/ComboBox.h; sourceTree = "<group>"; };
		5CC50F71BD424223A2DFB8CE /* Align.h */ = {isa = PBXFileReference; lastKnownFileType = sourcecode.c.h; name = Align.h; path = ../../../gwen/gwen/include/Gwen/Align.h; sourceTree = "<group>"; };
		605FE064A1134EF89E477DE5 /* Position.h */ = {isa = PBXFileReference; lastKnownFileType = sourcecode.c.h; name = Position.h; path = ../../../gwen/gwen/include/Gwen/Controls/Layout/Position.h; sourceTree = "<group>"; };
		624247FCE795499FA476727B /* WindowProvider.h */ = {isa = PBXFileReference; lastKnownFileType = sourcecode.c.h; name = WindowProvider.h; path = ../../../gwen/gwen/include/Gwen/WindowProvider.h; sourceTree = "<group>"; };
		6382625E925E4985ADC19664 /* ToolTip.h */ = {isa = PBXFileReference; lastKnownFileType = sourcecode.c.h; name = ToolTip.h; path = ../../../gwen/gwen/include/Gwen/ToolTip.h; sourceTree = "<group>"; };
		68DC53AC2FF7422985E40747 /* PageControl.h */ = {isa = PBXFileReference; lastKnownFileType = sourcecode.c.h; name = PageControl.h; path = ../../../gwen/gwen/include/Gwen/Controls/PageControl.h; sourceTree = "<group>"; };
		6987E19258AF412AB31353E5 /* LabelClickable.cpp */ = {isa = PBXFileReference; lastKnownFileType = sourcecode.c.cpp; name = LabelClickable.cpp; path = ../../../gwen/gwen/src/Controls/LabelClickable.cpp; sourceTree = "<group>"; };
		69B44A9F9C1249B3972DD36B /* ScrollControl.cpp */ = {isa = PBXFileReference; lastKnownFileType = sourcecode.c.cpp; name = ScrollControl.cpp; path = ../../../gwen/gwen/src/Controls/ScrollControl.cpp; sourceTree = "<group>"; };
		6B3E958E7B3145C69D3B70B5 /* ColorPicker.cpp */ = {isa = PBXFileReference; lastKnownFileType = sourcecode.c.cpp; name = ColorPicker.cpp; path = ../../../gwen/gwen/src/Controls/ColorPicker.cpp; sourceTree = "<group>"; };
		6BE8FAAEB83641E1A2F75A43 /* Text.h */ = {isa = PBXFileReference; lastKnownFileType = sourcecode.c.h; name = Text.h; path = ../../../gwen/gwen/include/Gwen/Controls/Property/Text.h; sourceTree = "<group>"; };
		6C20DC905F6B498DB2E3D191 /* CollapsibleCategory.h */ = {isa = PBXFileReference; lastKnownFileType = sourcecode.c.h; name = CollapsibleCategory.h; path = ../../../gwen/gwen/include/Gwen/Controls/CollapsibleCategory.h; sourceTree = "<group>"; };
		6CE38111AB0F419A85381DD3 /* Hook.cpp */ = {isa = PBXFileReference; lastKnownFileType = sourcecode.c.cpp; name = Hook.cpp; path = ../../../gwen/gwen/src/Hook.cpp; sourceTree = "<group>"; };
		6D79B54D00924E9CAB7ABA2B /* Gwen.cpp */ = {isa = PBXFileReference; lastKnownFileType = sourcecode.c.cpp; name = Gwen.cpp; path = ../../../gwen/gwen/src/Gwen.cpp; sourceTree = "<group>"; };
		6E29DB85AF20429A95FACE96 /* TabControl.cpp */ = {isa = PBXFileReference; lastKnownFileType = sourcecode.c.cpp; name = TabControl.cpp; path = ../../../gwen/gwen/src/Controls/TabControl.cpp; sourceTree = "<group>"; };
		6F2EC2F579C0438BA1624E1D /* VerticalSlider.cpp */ = {isa = PBXFileReference; lastKnownFileType = sourcecode.c.cpp; name = VerticalSlider.cpp; path = ../../../gwen/gwen/src/Controls/VerticalSlider.cpp; sourceTree = "<group>"; };
		7049FCCD6BAA4653B8C2B071 /* ToolBar.h */ = {isa = PBXFileReference; lastKnownFileType = sourcecode.c.h; name = ToolBar.h; path = ../../../gwen/gwen/include/Gwen/Controls/ToolBar.h; sourceTree = "<group>"; };
		70EE52B28872477A8731A3E5 /* RadioButton.h */ = {isa = PBXFileReference; lastKnownFileType = sourcecode.c.h; name = RadioButton.h; path = ../../../gwen/gwen/include/Gwen/Controls/RadioButton.h; sourceTree = "<group>"; };
		7217DA8A0B2240F4B8D82B6D /* DragAndDrop.cpp */ = {isa = PBXFileReference; lastKnownFileType = sourcecode.c.cpp; name = DragAndDrop.cpp; path = ../../../gwen/gwen/src/DragAndDrop.cpp; sourceTree = "<group>"; };
		745F73799B8C4922BBF52875 /* ColorControls.h */ = {isa = PBXFileReference; lastKnownFileType = sourcecode.c.h; name = ColorControls.h; path = ../../../gwen/gwen/include/Gwen/Controls/ColorControls.h; sourceTree = "<group>"; };
		74836F2D1979407E84EB1311 /* ColorPicker.h */ = {isa = PBXFileReference; lastKnownFileType = sourcecode.c.h; name = ColorPicker.h; path = ../../../gwen/gwen/include/Gwen/Controls/ColorPicker.h; sourceTree = "<group>"; };
		756368C8720E47458680CBBB /* Tile.h */ = {isa = PBXFileReference; lastKnownFileType = sourcecode.c.h; name = Tile.h; path = ../../../gwen/gwen/include/Gwen/Controls/Layout/Tile.h; sourceTree = "<group>"; };
		75D9E37F16FB4E7296E4EB7A /* CustomControlWindowApp.cpp */ = {isa = PBXFileReference; lastKnownFileType = sourcecode.c.cpp; name = CustomControlWindowApp.cpp; path = ../src/CustomControlWindowApp.cpp; sourceTree = "<group>"; };
		76BB2F7ED87F4E6F8B8E7D51 /* WindowButtons.h */ = {isa = PBXFileReference; lastKnownFileType = sourcecode.c.h; name = WindowButtons.h; path = ../../../gwen/gwen/include/Gwen/Controls/WindowButtons.h; sourceTree = "<group>"; };
		7754705383A841C9A9202DF1 /* TextObject.h */ = {isa = PBXFileReference; lastKnownFileType = sourcecode.c.h; name = TextObject.h; path = ../../../gwen/gwen/include/Gwen/TextObject.h; sourceTree = "<group>"; };
		77A1B102ECD846498BBAE6D7 /* VerticalScrollBar.h */ = {isa = PBXFileReference; lastKnownFileType = sourcecode.c.h; name = VerticalScrollBar.h; path = ../../../gwen/gwen/include/Gwen/Controls/VerticalScrollBar.h; sourceTree = "<group>"; };
		794DFCA57CB94E2ABF95973E /* InputHandler.h */ = {isa = PBXFileReference; lastKnownFileType = sourcecode.c.h; name = InputHandler.h; path = ../../../gwen/gwen/include/Gwen/InputHandler.h; sourceTree = "<group>"; };
		7B5220CDC55346F1A2DDAA07 /* VerticalScrollBar.cpp */ = {isa = PBXFileReference; lastKnownFileType = sourcecode.c.cpp; name = VerticalScrollBar.cpp; path = ../../../gwen/gwen/src/Controls/VerticalScrollBar.cpp; sourceTree = "<group>"; };
		7B8874E9A48740AEAE8F9905 /* GroupBox.h */ = {isa = PBXFileReference; lastKnownFileType = sourcecode.c.h; name = GroupBox.h; path = ../../../gwen/gwen/include/Gwen/Controls/GroupBox.h; sourceTree = "<group>"; };
		7BB78D87C7E84F26A73B8C9B /* TabTitleBar.h */ = {isa = PBXFileReference; lastKnownFileType = sourcecode.c.h; name = TabTitleBar.h; path = ../../../gwen/gwen/include/Gwen/Controls/TabTitleBar.h; sourceTree = "<group>"; };
		7C101A736E5A427E992C0A7C /* Menu.cpp */ = {isa = PBXFileReference; lastKnownFileType = sourcecode.c.cpp; name = Menu.cpp; path = ../../../gwen/gwen/src/Controls/Menu.cpp; sourceTree = "<group>"; };
		7DAFA547EEDA47668C2C2B5F /* HorizontalScrollBar.cpp */ = {isa = PBXFileReference; lastKnownFileType = sourcecode.c.cpp; name = HorizontalScrollBar.cpp; path = ../../../gwen/gwen/src/Controls/HorizontalScrollBar.cpp; sourceTree = "<group>"; };
		7E28B2CFA3904AC0B1302524 /* CollapsibleCategory.cpp */ = {isa = PBXFileReference; lastKnownFileType = sourcecode.c.cpp; name = CollapsibleCategory.cpp; path = ../../../gwen/gwen/src/Controls/CollapsibleCategory.cpp; sourceTree = "<group>"; };
		800DFA51CE324249AD621405 /* StatusBar.h */ = {isa = PBXFileReference; lastKnownFileType = sourcecode.c.h; name = StatusBar.h; path = ../../../gwen/gwen/include/Gwen/Controls/StatusBar.h; sourceTree = "<group>"; };
		81B67ABB0C4E4AFB8F5E9401 /* ImagePanel.cpp */ = {isa = PBXFileReference; lastKnownFileType = sourcecode.c.cpp; name = ImagePanel.cpp; path = ../../../gwen/gwen/src/Controls/ImagePanel.cpp; sourceTree = "<group>"; };
		81E2BC91DD8649E5A5F4668C /* WindowControl.cpp */ = {isa = PBXFileReference; lastKnownFileType = sourcecode.c.cpp; name = WindowControl.cpp; path = ../../../gwen/gwen/src/Controls/WindowControl.cpp; sourceTree = "<group>"; };
		83A3196381F94D36A36FB017 /* Checkbox.h */ = {isa = PBXFileReference; lastKnownFileType = sourcecode.c.h; name = Checkbox.h; path = ../../../gwen/gwen/include/Gwen/Controls/Property/Checkbox.h; sourceTree = "<group>"; };
		8473E6FD820142F1BB8A1494 /* ComboBox.h */ = {isa = PBXFileReference; lastKnownFileType = sourcecode.c.h; name = ComboBox.h; path = ../../../gwen/gwen/include/Gwen/Controls/ComboBox.h; sourceTree = "<group>"; };
		86D8237041814DE087DE9C97 /* Font.h */ = {isa = PBXFileReference; lastKnownFileType = sourcecode.c.h; name = Font.h; path = ../../../gwen/gwen/include/Gwen/Font.h; sourceTree = "<group>"; };
		8783620B7DC345C4948DFA0E /* LabelClickable.h */ = {isa = PBXFileReference; lastKnownFileType = sourcecode.c.h; name = LabelClickable.h; path = ../../../gwen/gwen/include/Gwen/Controls/LabelClickable.h; sourceTree = "<group>"; };
		884EA9FACEBC43A2BE5901DF /* Info.plist */ = {isa = PBXFileReference; lastKnownFileType = text.plist.xml; path = Info.plist; sourceTree = "<group>"; };
		8BE630540F524AF3BB9BF4FC /* HSVColorPicker.h */ = {isa = PBXFileReference; lastKnownFileType = sourcecode.c.h; name = HSVColorPicker.h; path = ../../../gwen/gwen/include/Gwen/Controls/HSVColorPicker.h; sourceTree = "<group>"; };
		8C1734F3213D4362A6641A6D /* Utility.cpp */ = {isa = PBXFileReference; lastKnownFileType = sourcecode.c.cpp; name = Utility.cpp; path = ../../../gwen/gwen/src/Utility.cpp; sourceTree = "<group>"; };
		8C84885516A8459297940579 /* Folder.h */ = {isa = PBXFileReference; lastKnownFileType = sourcecode.c.h; name = Folder.h; path = ../../../gwen/gwen/include/Gwen/Controls/Property/Folder.h; sourceTree = "<group>"; };
		8CD64FEC723F4E8299AADB11 /* VerticalSlider.h */ = {isa = PBXFileReference; lastKnownFileType = sourcecode.c.h; name = VerticalSlider.h; path = ../../../gwen/gwen/include/Gwen/Controls/VerticalSlider.h; sourceTree = "<group>"; };
		8D1107320486CEB800E47090 /* CustomControlWindow.app */ = {isa = PBXFileReference; explicitFileType = wrapper.application; includeInIndex = 0; path = CustomControlWindow.app; sourceTree = BUILT_PRODUCTS_DIR; };
		8E7689AD519D4BC78E3DA40B /* Exports.h */ = {isa = PBXFileReference; lastKnownFileType = sourcecode.c.h; name = Exports.h; path = ../../../gwen/gwen/include/Gwen/Exports.h; sourceTree = "<group>"; };
		8EE774D64676409A8743C7DD /* CollapsibleList.h */ = {isa = PBXFileReference; lastKnownFileType = sourcecode.c.h; name = CollapsibleList.h; path = ../../../gwen/gwen/include/Gwen/Controls/CollapsibleList.h; sourceTree = "<group>"; };
		901BF0ADAC324AD3ADDB2097 /* Text.cpp */ = {isa = PBXFileReference; lastKnownFileType = sourcecode.c.cpp; name = Text.cpp; path = ../../../gwen/gwen/src/Controls/Text.cpp; sourceTree = "<group>"; };
		90555C424813452F96CF3D80 /* TabButton.h */ = {isa = PBXFileReference; lastKnownFileType = sourcecode.c.h; name = TabButton.h; path = ../../../gwen/gwen/include/Gwen/Controls/TabButton.h; sourceTree = "<group>"; };
		9075A214672B4DD0AFAB0B37 /* ScrollBar.h */ = {isa = PBXFileReference; lastKnownFileType = sourcecode.c.h; name = ScrollBar.h; path = ../../../gwen/gwen/include/Gwen/Controls/ScrollBar.h; sourceTree = "<group>"; };
		935D10918363497AA85D7DA3 /* WindowCanvas.h */ = {isa = PBXFileReference; lastKnownFileType = sourcecode.c.h; name = WindowCanvas.h; path = ../../../gwen/gwen/include/Gwen/Controls/WindowCanvas.h; sourceTree = "<group>"; };
		939DA35AC9DF4B7EB9DB98BF /* FileSave.cpp */ = {isa = PBXFileReference; lastKnownFileType = sourcecode.c.cpp; name = FileSave.cpp; path = ../../../gwen/gwen/src/Controls/Dialog/FileSave.cpp; sourceTree = "<group>"; };
		962D36AEB09B41C086EC266B /* FilePicker.h */ = {isa = PBXFileReference; lastKnownFileType = sourcecode.c.h; name = FilePicker.h; path = ../../../gwen/gwen/include/Gwen/Controls/FilePicker.h; sourceTree = "<group>"; };
		97ED9D5CDAC040BB8E80D22A /* Structures.h */ = {isa = PBXFileReference; lastKnownFileType = sourcecode.c.h; name = Structures.h; path = ../../../gwen/gwen/include/Gwen/Structures.h; sourceTree = "<group>"; };
		9B69601CEBA54CDAAA4194D6 /* TreeControl.cpp */ = {isa = PBXFileReference; lastKnownFileType = sourcecode.c.cpp; name = TreeControl.cpp; path = ../../../gwen/gwen/src/Controls/TreeControl.cpp; sourceTree = "<group>"; };
		9C182494C823428F91265FB6 /* Button.cpp */ = {isa = PBXFileReference; lastKnownFileType = sourcecode.c.cpp; name = Button.cpp; path = ../../../gwen/gwen/src/Controls/Button.cpp; sourceTree = "<group>"; };
		9C51A154283F486BA258CC53 /* Properties.h */ = {isa = PBXFileReference; lastKnownFileType = sourcecode.c.h; name = Properties.h; path = ../../../gwen/gwen/include/Gwen/Controls/Properties.h; sourceTree = "<group>"; };
		9D128DC80850431D913E8580 /* ColorSelector.h */ = {isa = PBXFileReference; lastKnownFileType = sourcecode.c.h; name = ColorSelector.h; path = ../../../gwen/gwen/include/Gwen/Controls/Property/ColorSelector.h; sourceTree = "<group>"; };
		9ED93EB46DA94D5089C05C55 /* SplitterBar.h */ = {isa = PBXFileReference; lastKnownFileType = sourcecode.c.h; name = SplitterBar.h; path = ../../../gwen/gwen/include/Gwen/Controls/SplitterBar.h; sourceTree = "<group>"; };
		9F2CBC9F63EA4170A370DC77 /* Gwen.h */ = {isa = PBXFileReference; lastKnownFileType = sourcecode.c.h; name = Gwen.h; path = ../../../gwen/gwen/include/Gwen/Gwen.h; sourceTree = "<group>"; };
		9FE2F2A334A4415588150AF8 /* Simple.h */ = {isa = PBXFileReference; lastKnownFileType = sourcecode.c.h; name = Simple.h; path = ../../../gwen/gwen/include/Gwen/Skins/Simple.h; sourceTree = "<group>"; };
		A1D0B461A739419DBAD63F2E /* File.h */ = {isa = PBXFileReference; lastKnownFileType = sourcecode.c.h; name = File.h; path = ../../../gwen/gwen/include/Gwen/Controls/Property/File.h; sourceTree = "<group>"; };
		A20B2C0621CE43B8943F07A1 /* Platform.h */ = {isa = PBXFileReference; lastKnownFileType = sourcecode.c.h; name = Platform.h; path = ../../../gwen/gwen/include/Gwen/Platform.h; sourceTree = "<group>"; };
		A2544385E7B14102A71E4B5D /* HorizontalSlider.h */ = {isa = PBXFileReference; lastKnownFileType = sourcecode.c.h; name = HorizontalSlider.h; path = ../../../gwen/gwen/include/Gwen/Controls/HorizontalSlider.h; sourceTree = "<group>"; };
		A2C6A04F91354C589E2C4B05 /* Hook.h */ = {isa = PBXFileReference; lastKnownFileType = sourcecode.c.h; name = Hook.h; path = ../../../gwen/gwen/include/Gwen/Hook.h; sourceTree = "<group>"; };
		A43D9F09C82F49B3B15AAEF2 /* CheckBox.cpp */ = {isa = PBXFileReference; lastKnownFileType = sourcecode.c.cpp; name = CheckBox.cpp; path = ../../../gwen/gwen/src/Controls/CheckBox.cpp; sourceTree = "<group>"; };
		A4B1892FDA5645548A690302 /* FieldLabel.h */ = {isa = PBXFileReference; lastKnownFileType = sourcecode.c.h; name = FieldLabel.h; path = ../../../gwen/gwen/include/Gwen/Controls/FieldLabel.h; sourceTree = "<group>"; };
		A5686BFCD5FD46B7802AC126 /* Texturing.h */ = {isa = PBXFileReference; lastKnownFileType = sourcecode.c.h; name = Texturing.h; path = ../../../gwen/gwen/include/Gwen/Skins/Texturing.h; sourceTree = "<group>"; };
		A59220F9DEFD424FB4652AFA /* ScrollBarButton.cpp */ = {isa = PBXFileReference; lastKnownFileType = sourcecode.c.cpp; name = ScrollBarButton.cpp; path = ../../../gwen/gwen/src/Controls/ScrollBarButton.cpp; sourceTree = "<group>"; };
		A7D2024B32904A75B071886F /* ProgressBar.h */ = {isa = PBXFileReference; lastKnownFileType = sourcecode.c.h; name = ProgressBar.h; path = ../../../gwen/gwen/include/Gwen/Controls/ProgressBar.h; sourceTree = "<group>"; };
		A7FB0119362E4E8E94DCCF1B /* Anim.h */ = {isa = PBXFileReference; lastKnownFileType = sourcecode.c.h; name = Anim.h; path = ../../../gwen/gwen/include/Gwen/Anim.h; sourceTree = "<group>"; };
		ABEB61CBD79A439FB285DCCD /* DockBase.h */ = {isa = PBXFileReference; lastKnownFileType = sourcecode.c.h; name = DockBase.h; path = ../../../gwen/gwen/include/Gwen/Controls/DockBase.h; sourceTree = "<group>"; };
		AC9E9A4066744851AF7A1107 /* CustomControlWindow_Prefix.pch */ = {isa = PBXFileReference; lastKnownFileType = "\"\""; path = CustomControlWindow_Prefix.pch; sourceTree = "<group>"; };
		ADDBD48A51474D25BCB4CDF2 /* TextBoxNumeric.cpp */ = {isa = PBXFileReference; lastKnownFileType = sourcecode.c.cpp; name = TextBoxNumeric.cpp; path = ../../../gwen/gwen/src/Controls/TextBoxNumeric.cpp; sourceTree = "<group>"; };
		AF4BC7DCD18A435F8BDAB625 /* WindowControl.h */ = {isa = PBXFileReference; lastKnownFileType = sourcecode.c.h; name = WindowControl.h; path = ../../../gwen/gwen/include/Gwen/Controls/WindowControl.h; sourceTree = "<group>"; };
		B03F03E7E567450590C5FB08 /* Table.h */ = {isa = PBXFileReference; lastKnownFileType = sourcecode.c.h; name = Table.h; path = ../../../gwen/gwen/include/Gwen/Controls/Layout/Table.h; sourceTree = "<group>"; };
		B4A142FC317642EDA4C3AD24 /* Resources.h */ = {isa = PBXFileReference; lastKnownFileType = sourcecode.c.h; name = Resources.h; path = ../include/Resources.h; sourceTree = "<group>"; };
		B5C514DB056C40EC8E626AC6 /* Query.cpp */ = {isa = PBXFileReference; lastKnownFileType = sourcecode.c.cpp; name = Query.cpp; path = ../../../gwen/gwen/src/Controls/Dialog/Query.cpp; sourceTree = "<group>"; };
		B5EC34E789FA4EAE99A8971E /* FileOpen.h */ = {isa = PBXFileReference; lastKnownFileType = sourcecode.c.h; name = FileOpen.h; path = ../../../gwen/gwen/include/Gwen/Controls/Dialogs/FileOpen.h; sourceTree = "<group>"; };
		B9781BC401C34EB5A8574798 /* FileSave.h */ = {isa = PBXFileReference; lastKnownFileType = sourcecode.c.h; name = FileSave.h; path = ../../../gwen/gwen/include/Gwen/Controls/Dialogs/FileSave.h; sourceTree = "<group>"; };
		BB6D0EC06C1D495E85389CD9 /* WindowCanvas.cpp */ = {isa = PBXFileReference; lastKnownFileType = sourcecode.c.cpp; name = WindowCanvas.cpp; path = ../../../gwen/gwen/src/Controls/WindowCanvas.cpp; sourceTree = "<group>"; };
		BCDBBC2999D845EFB9B5D503 /* FileOpen.cpp */ = {isa = PBXFileReference; lastKnownFileType = sourcecode.c.cpp; name = FileOpen.cpp; path = ../../../gwen/gwen/src/Controls/Dialog/FileOpen.cpp; sourceTree = "<group>"; };
		C0298AF6DF764911A8B7841B /* inputhandler.cpp */ = {isa = PBXFileReference; lastKnownFileType = sourcecode.c.cpp; name = inputhandler.cpp; path = ../../../gwen/gwen/src/inputhandler.cpp; sourceTree = "<group>"; };
		C02FBC295297411C956064B0 /* ControlList.h */ = {isa = PBXFileReference; lastKnownFileType = sourcecode.c.h; name = ControlList.h; path = ../../../gwen/gwen/include/Gwen/ControlList.h; sourceTree = "<group>"; };
		C401DE5D4C9D48298381B3A1 /* CrossSplitter.h */ = {isa = PBXFileReference; lastKnownFileType = sourcecode.c.h; name = CrossSplitter.h; path = ../../../gwen/gwen/include/Gwen/Controls/CrossSplitter.h; sourceTree = "<group>"; };
		C410911601164260A5488E18 /* RadioButton.cpp */ = {isa = PBXFileReference; lastKnownFileType = sourcecode.c.cpp; name = RadioButton.cpp; path = ../../../gwen/gwen/src/Controls/RadioButton.cpp; sourceTree = "<group>"; };
		C631F36BED994BA2A39F3068 /* BaseRender.h */ = {isa = PBXFileReference; lastKnownFileType = sourcecode.c.h; name = BaseRender.h; path = ../../../gwen/gwen/include/Gwen/BaseRender.h; sourceTree = "<group>"; };
		C663DB1E52E342B4BAB3D779 /* TexturedBase.h */ = {isa = PBXFileReference; lastKnownFileType = sourcecode.c.h; name = TexturedBase.h; path = ../../../gwen/gwen/include/Gwen/Skins/TexturedBase.h; sourceTree = "<group>"; };
		C9D01227BF8A4167BBEED797 /* PropertyTree.h */ = {isa = PBXFileReference; lastKnownFileType = sourcecode.c.h; name = PropertyTree.h; path = ../../../gwen/gwen/include/Gwen/Controls/PropertyTree.h; sourceTree = "<group>"; };
		CA12300B509B486BA8A0A83D /* ColorControls.cpp */ = {isa = PBXFileReference; lastKnownFileType = sourcecode.c.cpp; name = ColorControls.cpp; path = ../../../gwen/gwen/src/Controls/ColorControls.cpp; sourceTree = "<group>"; };
		CD736EE251804B80AE72320F /* MenuStrip.h */ = {isa = PBXFileReference; lastKnownFileType = sourcecode.c.h; name = MenuStrip.h; path = ../../../gwen/gwen/include/Gwen/Controls/MenuStrip.h; sourceTree = "<group>"; };
		CDE5F5633AC14CF2BA48A574 /* Label.cpp */ = {isa = PBXFileReference; lastKnownFileType = sourcecode.c.cpp; name = Label.cpp; path = ../../../gwen/gwen/src/Controls/Label.cpp; sourceTree = "<group>"; };
		CF89E4CDABD44B46A590C32C /* RadioButtonController.h */ = {isa = PBXFileReference; lastKnownFileType = sourcecode.c.h; name = RadioButtonController.h; path = ../../../gwen/gwen/include/Gwen/Controls/RadioButtonController.h; sourceTree = "<group>"; };
		D34C39ACE879480F9155F830 /* Dragger.cpp */ = {isa = PBXFileReference; lastKnownFileType = sourcecode.c.cpp; name = Dragger.cpp; path = ../../../gwen/gwen/src/Controls/Dragger.cpp; sourceTree = "<group>"; };
		D389944E0A8C4DE086D4941F /* BaseRender.cpp */ = {isa = PBXFileReference; lastKnownFileType = sourcecode.c.cpp; name = BaseRender.cpp; path = ../../../gwen/gwen/src/BaseRender.cpp; sourceTree = "<group>"; };
		D3C4C576CA73448CAF1A88E8 /* Button.h */ = {isa = PBXFileReference; lastKnownFileType = sourcecode.c.h; name = Button.h; path = ../../../gwen/gwen/include/Gwen/Controls/Button.h; sourceTree = "<group>"; };
		D498F20F3A8746698A539DA3 /* ToolTip.cpp */ = {isa = PBXFileReference; lastKnownFileType = sourcecode.c.cpp; name = ToolTip.cpp; path = ../../../gwen/gwen/src/ToolTip.cpp; sourceTree = "<group>"; };
		D49FEA6F6B3047369440E7F1 /* CinderGwen.cpp */ = {isa = PBXFileReference; lastKnownFileType = sourcecode.c.cpp; name = CinderGwen.cpp; path = ../../../src/cigwen/CinderGwen.cpp; sourceTree = "<group>"; };
		D576C97207D34E68A57895C7 /* Menu.h */ = {isa = PBXFileReference; lastKnownFileType = sourcecode.c.h; name = Menu.h; path = ../../../gwen/gwen/include/Gwen/Controls/Menu.h; sourceTree = "<group>"; };
		D5A6C5019D454086AFC369EB /* Modal.h */ = {isa = PBXFileReference; lastKnownFileType = sourcecode.c.h; name = Modal.h; path = ../../../gwen/gwen/include/Gwen/Controls/Modal.h; sourceTree = "<group>"; };
		D62A3AF7F4C843699C265497 /* RichLabel.h */ = {isa = PBXFileReference; lastKnownFileType = sourcecode.c.h; name = RichLabel.h; path = ../../../gwen/gwen/include/Gwen/Controls/RichLabel.h; sourceTree = "<group>"; };
		D64B90EBFC4F46BDB0189D80 /* CinderGwen.h */ = {isa = PBXFileReference; lastKnownFileType = sourcecode.c.h; name = CinderGwen.h; path = ../../../src/cigwen/CinderGwen.h; sourceTree = "<group>"; };
		D68367912A094FF9911934BA /* ScrollBarBar.cpp */ = {isa = PBXFileReference; lastKnownFileType = sourcecode.c.cpp; name = ScrollBarBar.cpp; path = ../../../gwen/gwen/src/Controls/ScrollBarBar.cpp; sourceTree = "<group>"; };
		D84CF40867514E15826CDDF4 /* ComboBox.cpp */ = {isa = PBXFileReference; lastKnownFileType = sourcecode.c.cpp; name = ComboBox.cpp; path = ../../../gwen/gwen/src/Controls/ComboBox.cpp; sourceTree = "<group>"; };
		D95898DD5C484CA796F2B592 /* Label.h */ = {isa = PBXFileReference; lastKnownFileType = sourcecode.c.h; name = Label.h; path = ../../../gwen/gwen/include/Gwen/Controls/Label.h; sourceTree = "<group>"; };
		DAF08F0CB74D41A8BC2B36D8 /* DockedTabControl.h */ = {isa = PBXFileReference; lastKnownFileType = sourcecode.c.h; name = DockedTabControl.h; path = ../../../gwen/gwen/include/Gwen/Controls/DockedTabControl.h; sourceTree = "<group>"; };
		DBB22FF2CEF14F52AE1E9F82 /* TabStrip.h */ = {isa = PBXFileReference; lastKnownFileType = sourcecode.c.h; name = TabStrip.h; path = ../../../gwen/gwen/include/Gwen/Controls/TabStrip.h; sourceTree = "<group>"; };
		DCC9316B6489407D9305AC2F /* Splitters.h */ = {isa = PBXFileReference; lastKnownFileType = sourcecode.c.h; name = Splitters.h; path = ../../../gwen/gwen/include/Gwen/Controls/Splitters.h; sourceTree = "<group>"; };
		DD163BD9BADF45A491A2E89E /* ScrollBarButton.h */ = {isa = PBXFileReference; lastKnownFileType = sourcecode.c.h; name = ScrollBarButton.h; path = ../../../gwen/gwen/include/Gwen/Controls/ScrollBarButton.h; sourceTree = "<group>"; };
		DD9081CC56654340B54DAC90 /* DockedTabControl.cpp */ = {isa = PBXFileReference; lastKnownFileType = sourcecode.c.cpp; name = DockedTabControl.cpp; path = ../../../gwen/gwen/src/Controls/DockedTabControl.cpp; sourceTree = "<group>"; };
		DE71DFB47636453A906E4792 /* RichLabel.cpp */ = {isa = PBXFileReference; lastKnownFileType = sourcecode.c.cpp; name = RichLabel.cpp; path = ../../../gwen/gwen/src/Controls/RichLabel.cpp; sourceTree = "<group>"; };
		DF793A62B8B04C8AA64B55FA /* TreeNode.h */ = {isa = PBXFileReference; lastKnownFileType = sourcecode.c.h; name = TreeNode.h; path = ../../../gwen/gwen/include/Gwen/Controls/TreeNode.h; sourceTree = "<group>"; };
		E06F556D433C4EC9A3FD39B6 /* Utility.h */ = {isa = PBXFileReference; lastKnownFileType = sourcecode.c.h; name = Utility.h; path = ../../../gwen/gwen/include/Gwen/Utility.h; sourceTree = "<group>"; };
		E17C38F8F61145F390964FAC /* ListBox.h */ = {isa = PBXFileReference; lastKnownFileType = sourcecode.c.h; name = ListBox.h; path = ../../../gwen/gwen/include/Gwen/Controls/ListBox.h; sourceTree = "<group>"; };
		E21E575460104D53AEA939FE /* Skin.cpp */ = {isa = PBXFileReference; lastKnownFileType = sourcecode.c.cpp; name = Skin.cpp; path = ../../../gwen/gwen/src/Skin.cpp; sourceTree = "<group>"; };
		E2DE6163A748420A90A68C49 /* MenuStrip.cpp */ = {isa = PBXFileReference; lastKnownFileType = sourcecode.c.cpp; name = MenuStrip.cpp; path = ../../../gwen/gwen/src/Controls/MenuStrip.cpp; sourceTree = "<group>"; };
		E2FF13A770D843FC9E0477D9 /* NumericUpDown.cpp */ = {isa = PBXFileReference; lastKnownFileType = sourcecode.c.cpp; name = NumericUpDown.cpp; path = ../../../gwen/gwen/src/Controls/NumericUpDown.cpp; sourceTree = "<group>"; };
		E38FBDB34080421E9F884409 /* ScrollControl.h */ = {isa = PBXFileReference; lastKnownFileType = sourcecode.c.h; name = ScrollControl.h; path = ../../../gwen/gwen/include/Gwen/Controls/ScrollControl.h; sourceTree = "<group>"; };
		E446164C205542559DC4FF3B /* GwenRendererGl.cpp */ = {isa = PBXFileReference; lastKnownFileType = sourcecode.c.cpp; name = GwenRendererGl.cpp; path = ../../../src/cigwen/GwenRendererGl.cpp; sourceTree = "<group>"; };
		E836A18BFAD64EB397A9D211 /* Rectangle.cpp */ = {isa = PBXFileReference; lastKnownFileType = sourcecode.c.cpp; name = Rectangle.cpp; path = ../../../gwen/gwen/src/Controls/Rectangle.cpp; sourceTree = "<group>"; };
		E8978BD999C24A1380D48466 /* Config.h */ = {isa = PBXFileReference; lastKnownFileType = sourcecode.c.h; name = Config.h; path = ../../../gwen/gwen/include/Gwen/Config.h; sourceTree = "<group>"; };
		F01D3382DD5B447D9BC2DA7A /* RadioButtonController.cpp */ = {isa = PBXFileReference; lastKnownFileType = sourcecode.c.cpp; name = RadioButtonController.cpp; path = ../../../gwen/gwen/src/Controls/RadioButtonController.cpp; sourceTree = "<group>"; };
		F240686BB1E8443287634F84 /* Dragger.h */ = {isa = PBXFileReference; lastKnownFileType = sourcecode.c.h; name = Dragger.h; path = ../../../gwen/gwen/include/Gwen/Controls/Dragger.h; sourceTree = "<group>"; };
		F5624344F122475B85D8F28D /* Rectangle.h */ = {isa = PBXFileReference; lastKnownFileType = sourcecode.c.h; name = Rectangle.h; path = ../../../gwen/gwen/include/Gwen/Controls/Rectangle.h; sourceTree = "<group>"; };
		F58258EC80B8429FA948D935 /* HSVColorPicker.cpp */ = {isa = PBXFileReference; lastKnownFileType = sourcecode.c.cpp; name = HSVColorPicker.cpp; path = ../../../gwen/gwen/src/Controls/HSVColorPicker.cpp; sourceTree = "<group>"; };
		F5DD6336C71044DB911B977E /* Controls.h */ = {isa = PBXFileReference; lastKnownFileType = sourcecode.c.h; name = Controls.h; path = ../../../gwen/gwen/include/Gwen/Controls.h; sourceTree = "<group>"; };
		F8F00CDB36AE440BA5EF70D8 /* CinderApp.icns */ = {isa = PBXFileReference; lastKnownFileType = image.icns; name = CinderApp.icns; path = ../resources/CinderApp.icns; sourceTree = "<group>"; };
		FB7DF4DEF02E46A294FAE183 /* Events.h */ = {isa = PBXFileReference; lastKnownFileType = sourcecode.c.h; name = Events.h; path = ../../../gwen/gwen/include/Gwen/Events.h; sourceTree = "<group>"; };
		FD7C09047496443DBAA114D6 /* NumericUpDown.h */ = {isa = PBXFileReference; lastKnownFileType = sourcecode.c.h; name = NumericUpDown.h; path = ../../../gwen/gwen/include/Gwen/Controls/NumericUpDown.h; sourceTree = "<group>"; };
		FDD7A202DECF4D598D7C0259 /* DockBase.cpp */ = {isa = PBXFileReference; lastKnownFileType = sourcecode.c.cpp; name = DockBase.cpp; path = ../../../gwen/gwen/src/Controls/DockBase.cpp; sourceTree = "<group>"; };
		FE2797051317409A889B9358 /* GroupBox.cpp */ = {isa = PBXFileReference; lastKnownFileType = sourcecode.c.cpp; name = GroupBox.cpp; path = ../../../gwen/gwen/src/Controls/GroupBox.cpp; sourceTree = "<group>"; };
		FE99C3B0000A418C82A64F8E /* Slider.h */ = {isa = PBXFileReference; lastKnownFileType = sourcecode.c.h; name = Slider.h; path = ../../../gwen/gwen/include/Gwen/Controls/Slider.h; sourceTree = "<group>"; };
		FEDB4630C2914C5C88CB272A /* TextBox.cpp */ = {isa = PBXFileReference; lastKnownFileType = sourcecode.c.cpp; name = TextBox.cpp; path = ../../../gwen/gwen/src/Controls/TextBox.cpp; sourceTree = "<group>"; };
/* End PBXFileReference section */

/* Begin PBXFrameworksBuildPhase section */
		8D11072E0486CEB800E47090 /* Frameworks */ = {
			isa = PBXFrameworksBuildPhase;
			buildActionMask = 2147483647;
			files = (
				8D11072F0486CEB800E47090 /* Cocoa.framework in Frameworks */,
				0091D8F90E81B9330029341E /* OpenGL.framework in Frameworks */,
				5323E6B20EAFCA74003A9687 /* CoreVideo.framework in Frameworks */,
				5323E6B60EAFCA7E003A9687 /* QTKit.framework in Frameworks */,
				00B784B30FF439BC000DE1D7 /* Accelerate.framework in Frameworks */,
				00B784B40FF439BC000DE1D7 /* AudioToolbox.framework in Frameworks */,
				00B784B50FF439BC000DE1D7 /* AudioUnit.framework in Frameworks */,
				00B784B60FF439BC000DE1D7 /* CoreAudio.framework in Frameworks */,
			);
			runOnlyForDeploymentPostprocessing = 0;
		};
/* End PBXFrameworksBuildPhase section */

/* Begin PBXGroup section */
		01B97315FEAEA392516A2CEA /* Blocks */ = {
			isa = PBXGroup;
			children = (
				D78DCE9C7CFA4B6D8D835A17 /* Gwen */,
			);
			name = Blocks;
			sourceTree = "<group>";
		};
		0580839F90B447A1A3FCBBB4 /* Gwen */ = {
			isa = PBXGroup;
			children = (
				5CC50F71BD424223A2DFB8CE /* Align.h */,
				A7FB0119362E4E8E94DCCF1B /* Anim.h */,
				C631F36BED994BA2A39F3068 /* BaseRender.h */,
				E8978BD999C24A1380D48466 /* Config.h */,
				C02FBC295297411C956064B0 /* ControlList.h */,
				F5DD6336C71044DB911B977E /* Controls.h */,
				10AA3B260CD549A589F48DD1 /* DragAndDrop.h */,
				FB7DF4DEF02E46A294FAE183 /* Events.h */,
				8E7689AD519D4BC78E3DA40B /* Exports.h */,
				86D8237041814DE087DE9C97 /* Font.h */,
				9F2CBC9F63EA4170A370DC77 /* Gwen.h */,
				A2C6A04F91354C589E2C4B05 /* Hook.h */,
				794DFCA57CB94E2ABF95973E /* InputHandler.h */,
				13C35750C3FC413EB3170F3C /* Macros.h */,
				A20B2C0621CE43B8943F07A1 /* Platform.h */,
				2DD4D69C00C6453CBC0076E6 /* Skin.h */,
				97ED9D5CDAC040BB8E80D22A /* Structures.h */,
				7754705383A841C9A9202DF1 /* TextObject.h */,
				34592C3F78864A95A71A2C71 /* Texture.h */,
				6382625E925E4985ADC19664 /* ToolTip.h */,
				59EDDAB645E84B2FB77F938A /* UserData.h */,
				E06F556D433C4EC9A3FD39B6 /* Utility.h */,
				624247FCE795499FA476727B /* WindowProvider.h */,
				DF02F667E22F46BAA5A859C9 /* Controls */,
				8EA581FC94574859B68CA569 /* Skins */,
				DDA39AEFB2BC4867A41A2B02 /* Util */,
			);
			name = Gwen;
			sourceTree = "<group>";
		};
		080E96DDFE201D6D7F000001 /* Source */ = {
			isa = PBXGroup;
			children = (
				75D9E37F16FB4E7296E4EB7A /* CustomControlWindowApp.cpp */,
				11E59A8916F8171E00C59A3D /* CustomControl.h */,
				11E59A8816F8171E00C59A3D /* CustomControl.cpp */,
			);
			name = Source;
			sourceTree = "<group>";
		};
		0C49156DD4104438A6E21362 /* include */ = {
			isa = PBXGroup;
			children = (
				0580839F90B447A1A3FCBBB4 /* Gwen */,
			);
			name = include;
			sourceTree = "<group>";
		};
		1058C7A0FEA54F0111CA2CBB /* Linked Frameworks */ = {
			isa = PBXGroup;
			children = (
				00B784AF0FF439BC000DE1D7 /* Accelerate.framework */,
				00B784B00FF439BC000DE1D7 /* AudioToolbox.framework */,
				00B784B10FF439BC000DE1D7 /* AudioUnit.framework */,
				00B784B20FF439BC000DE1D7 /* CoreAudio.framework */,
				5323E6B50EAFCA7E003A9687 /* QTKit.framework */,
				5323E6B10EAFCA74003A9687 /* CoreVideo.framework */,
				0091D8F80E81B9330029341E /* OpenGL.framework */,
				1058C7A1FEA54F0111CA2CBB /* Cocoa.framework */,
			);
			name = "Linked Frameworks";
			sourceTree = "<group>";
		};
		1058C7A2FEA54F0111CA2CBB /* Other Frameworks */ = {
			isa = PBXGroup;
			children = (
				29B97324FDCFA39411CA2CEA /* AppKit.framework */,
				29B97325FDCFA39411CA2CEA /* Foundation.framework */,
			);
			name = "Other Frameworks";
			sourceTree = "<group>";
		};
		19C28FACFE9D520D11CA2CBB /* Products */ = {
			isa = PBXGroup;
			children = (
				8D1107320486CEB800E47090 /* CustomControlWindow.app */,
			);
			name = Products;
			sourceTree = "<group>";
		};
		1E76F248C11D4DD4B3E16DFE /* cigwen */ = {
			isa = PBXGroup;
			children = (
				D64B90EBFC4F46BDB0189D80 /* CinderGwen.h */,
				1E65BFDA27A34494BA7087F1 /* GwenInput.h */,
				36EB3266C7DC423C850EE6FA /* GwenRendererGl.h */,
				D49FEA6F6B3047369440E7F1 /* CinderGwen.cpp */,
				147F93A01EA249FCB8A91235 /* GwenInput.cpp */,
				E446164C205542559DC4FF3B /* GwenRendererGl.cpp */,
			);
			name = cigwen;
			sourceTree = "<group>";
		};
		29B97314FDCFA39411CA2CEA /* CustomControlWindow */ = {
			isa = PBXGroup;
			children = (
				01B97315FEAEA392516A2CEA /* Blocks */,
				29B97315FDCFA39411CA2CEA /* Headers */,
				080E96DDFE201D6D7F000001 /* Source */,
				29B97317FDCFA39411CA2CEA /* Resources */,
				29B97323FDCFA39411CA2CEA /* Frameworks */,
				19C28FACFE9D520D11CA2CBB /* Products */,
			);
			name = CustomControlWindow;
			sourceTree = "<group>";
		};
		29B97315FDCFA39411CA2CEA /* Headers */ = {
			isa = PBXGroup;
			children = (
				B4A142FC317642EDA4C3AD24 /* Resources.h */,
				AC9E9A4066744851AF7A1107 /* CustomControlWindow_Prefix.pch */,
			);
			name = Headers;
			sourceTree = "<group>";
		};
		29B97317FDCFA39411CA2CEA /* Resources */ = {
			isa = PBXGroup;
			children = (
				F8F00CDB36AE440BA5EF70D8 /* CinderApp.icns */,
				884EA9FACEBC43A2BE5901DF /* Info.plist */,
			);
			name = Resources;
			sourceTree = "<group>";
		};
		29B97323FDCFA39411CA2CEA /* Frameworks */ = {
			isa = PBXGroup;
			children = (
				1058C7A0FEA54F0111CA2CBB /* Linked Frameworks */,
				1058C7A2FEA54F0111CA2CBB /* Other Frameworks */,
			);
			name = Frameworks;
			sourceTree = "<group>";
		};
		2EE75355CBDB4BC585FF6F7B /* src */ = {
			isa = PBXGroup;
			children = (
				50787B1EF3BB485DB531811E /* Anim.cpp */,
				D389944E0A8C4DE086D4941F /* BaseRender.cpp */,
				0E121C11E84043C99FD1C0CB /* ControlList.cpp */,
				7217DA8A0B2240F4B8D82B6D /* DragAndDrop.cpp */,
				440BFC1C74CC412A8EDF1CF7 /* events.cpp */,
				6D79B54D00924E9CAB7ABA2B /* Gwen.cpp */,
				6CE38111AB0F419A85381DD3 /* Hook.cpp */,
				C0298AF6DF764911A8B7841B /* inputhandler.cpp */,
				E21E575460104D53AEA939FE /* Skin.cpp */,
				D498F20F3A8746698A539DA3 /* ToolTip.cpp */,
				8C1734F3213D4362A6641A6D /* Utility.cpp */,
				4FF66F5366F74643A99DCDE7 /* Controls */,
			);
			name = src;
			sourceTree = "<group>";
		};
		303FBB4E94174A91BC34ECFA /* src */ = {
			isa = PBXGroup;
			children = (
				1E76F248C11D4DD4B3E16DFE /* cigwen */,
			);
			name = src;
			sourceTree = "<group>";
		};
		4FF66F5366F74643A99DCDE7 /* Controls */ = {
			isa = PBXGroup;
			children = (
				2279DFAA9F17423DB9753D8A /* Base.cpp */,
				9C182494C823428F91265FB6 /* Button.cpp */,
				05946B1BF0DE469BBDC65EE8 /* Canvas.cpp */,
				A43D9F09C82F49B3B15AAEF2 /* CheckBox.cpp */,
				7E28B2CFA3904AC0B1302524 /* CollapsibleCategory.cpp */,
				CA12300B509B486BA8A0A83D /* ColorControls.cpp */,
				6B3E958E7B3145C69D3B70B5 /* ColorPicker.cpp */,
				D84CF40867514E15826CDDF4 /* ComboBox.cpp */,
				4BC29370B2E84732B9FB7ED2 /* CrossSplitter.cpp */,
				FDD7A202DECF4D598D7C0259 /* DockBase.cpp */,
				DD9081CC56654340B54DAC90 /* DockedTabControl.cpp */,
				D34C39ACE879480F9155F830 /* Dragger.cpp */,
				FE2797051317409A889B9358 /* GroupBox.cpp */,
				7DAFA547EEDA47668C2C2B5F /* HorizontalScrollBar.cpp */,
				4AF53439C0E54AD189380B3A /* HorizontalSlider.cpp */,
				F58258EC80B8429FA948D935 /* HSVColorPicker.cpp */,
				81B67ABB0C4E4AFB8F5E9401 /* ImagePanel.cpp */,
				CDE5F5633AC14CF2BA48A574 /* Label.cpp */,
				6987E19258AF412AB31353E5 /* LabelClickable.cpp */,
				07E8FC59AAEE4F89948D44D1 /* ListBox.cpp */,
				7C101A736E5A427E992C0A7C /* Menu.cpp */,
				023690056A9A4B7FB0B2A6E3 /* MenuItem.cpp */,
				E2DE6163A748420A90A68C49 /* MenuStrip.cpp */,
				E2FF13A770D843FC9E0477D9 /* NumericUpDown.cpp */,
				4B9DAE5EC2AC44A89652C98B /* PageControl.cpp */,
				493058ED8BBB46CD90C28F9A /* ProgressBar.cpp */,
				24C40FB8DD1C49C9AED3421E /* Properties.cpp */,
				5004333BA336459EA179373F /* PropertyTree.cpp */,
				C410911601164260A5488E18 /* RadioButton.cpp */,
				F01D3382DD5B447D9BC2DA7A /* RadioButtonController.cpp */,
				E836A18BFAD64EB397A9D211 /* Rectangle.cpp */,
				0E7C6E9CCC0A45689F51545A /* ResizableControl.cpp */,
				50A222D46A98495EB2142785 /* Resizer.cpp */,
				DE71DFB47636453A906E4792 /* RichLabel.cpp */,
				00F893EAF5A24E2B88048440 /* ScrollBar.cpp */,
				D68367912A094FF9911934BA /* ScrollBarBar.cpp */,
				A59220F9DEFD424FB4652AFA /* ScrollBarButton.cpp */,
				69B44A9F9C1249B3972DD36B /* ScrollControl.cpp */,
				0C69E96809AD48E59B86574C /* Slider.cpp */,
				026061DB94D747238D09AED1 /* SplitterBar.cpp */,
				3CF5EB2D21484C6495CBA3C0 /* TabButton.cpp */,
				6E29DB85AF20429A95FACE96 /* TabControl.cpp */,
				579C59CBB39A4B42B32A2477 /* TabStrip.cpp */,
				901BF0ADAC324AD3ADDB2097 /* Text.cpp */,
				FEDB4630C2914C5C88CB272A /* TextBox.cpp */,
				ADDBD48A51474D25BCB4CDF2 /* TextBoxNumeric.cpp */,
				9B69601CEBA54CDAAA4194D6 /* TreeControl.cpp */,
				0BE2CCB4DDD348ACA8C73E09 /* TreeNode.cpp */,
				7B5220CDC55346F1A2DDAA07 /* VerticalScrollBar.cpp */,
				6F2EC2F579C0438BA1624E1D /* VerticalSlider.cpp */,
				BB6D0EC06C1D495E85389CD9 /* WindowCanvas.cpp */,
				81E2BC91DD8649E5A5F4668C /* WindowControl.cpp */,
				591C2868921844AD98CAC5E8 /* Dialog */,
			);
			name = Controls;
			sourceTree = "<group>";
		};
		591C2868921844AD98CAC5E8 /* Dialog */ = {
			isa = PBXGroup;
			children = (
				BCDBBC2999D845EFB9B5D503 /* FileOpen.cpp */,
				939DA35AC9DF4B7EB9DB98BF /* FileSave.cpp */,
				042A7D7097554EA0A99E9A45 /* FolderOpen.cpp */,
				B5C514DB056C40EC8E626AC6 /* Query.cpp */,
			);
			name = Dialog;
			sourceTree = "<group>";
		};
		8EA581FC94574859B68CA569 /* Skins */ = {
			isa = PBXGroup;
			children = (
				9FE2F2A334A4415588150AF8 /* Simple.h */,
				C663DB1E52E342B4BAB3D779 /* TexturedBase.h */,
				A5686BFCD5FD46B7802AC126 /* Texturing.h */,
			);
			name = Skins;
			sourceTree = "<group>";
		};
		AA6DC5D1B74445B892C96384 /* Property */ = {
			isa = PBXGroup;
			children = (
				006CFA11972940F9844283A2 /* BaseProperty.h */,
				83A3196381F94D36A36FB017 /* Checkbox.h */,
				9D128DC80850431D913E8580 /* ColorSelector.h */,
				5B95D977849C45939ED98568 /* ComboBox.h */,
				A1D0B461A739419DBAD63F2E /* File.h */,
				8C84885516A8459297940579 /* Folder.h */,
				6BE8FAAEB83641E1A2F75A43 /* Text.h */,
			);
			name = Property;
			sourceTree = "<group>";
		};
		AD650CA88E5E4113B41991B8 /* Layout */ = {
			isa = PBXGroup;
			children = (
				605FE064A1134EF89E477DE5 /* Position.h */,
				B03F03E7E567450590C5FB08 /* Table.h */,
				756368C8720E47458680CBBB /* Tile.h */,
			);
			name = Layout;
			sourceTree = "<group>";
		};
		B961E4209F3E489EA568EA83 /* gwen */ = {
			isa = PBXGroup;
			children = (
				C77C5D04035A40D1BCE230D6 /* gwen */,
			);
			name = gwen;
			sourceTree = "<group>";
		};
		BCF246B08D4F45E8A0C2E6A4 /* Dialogs */ = {
			isa = PBXGroup;
			children = (
				B5EC34E789FA4EAE99A8971E /* FileOpen.h */,
				B9781BC401C34EB5A8574798 /* FileSave.h */,
				5623C6FC860F4282A3A6C289 /* FolderOpen.h */,
				05B30131E8A74F87B8259771 /* Query.h */,
			);
			name = Dialogs;
			sourceTree = "<group>";
		};
		C77C5D04035A40D1BCE230D6 /* gwen */ = {
			isa = PBXGroup;
			children = (
				0C49156DD4104438A6E21362 /* include */,
				2EE75355CBDB4BC585FF6F7B /* src */,
			);
			name = gwen;
			sourceTree = "<group>";
		};
		D78DCE9C7CFA4B6D8D835A17 /* Gwen */ = {
			isa = PBXGroup;
			children = (
				303FBB4E94174A91BC34ECFA /* src */,
				B961E4209F3E489EA568EA83 /* gwen */,
			);
			name = Gwen;
			sourceTree = "<group>";
		};
		DDA39AEFB2BC4867A41A2B02 /* Util */ = {
			isa = PBXGroup;
			children = (
				5625A39F16124B2ABF0280EE /* ControlFactory.h */,
				51F7ED27E35A49458E8D4280 /* ImportExport.h */,
			);
			name = Util;
			sourceTree = "<group>";
		};
		DF02F667E22F46BAA5A859C9 /* Controls */ = {
			isa = PBXGroup;
			children = (
				4470AA1DC2C645D8BACFED54 /* Base.h */,
				D3C4C576CA73448CAF1A88E8 /* Button.h */,
				0FBAC54A9DB54D13BC042C0C /* Canvas.h */,
				40EA2AE133E1415CA775C071 /* CheckBox.h */,
				6C20DC905F6B498DB2E3D191 /* CollapsibleCategory.h */,
				8EE774D64676409A8743C7DD /* CollapsibleList.h */,
				745F73799B8C4922BBF52875 /* ColorControls.h */,
				74836F2D1979407E84EB1311 /* ColorPicker.h */,
				8473E6FD820142F1BB8A1494 /* ComboBox.h */,
				C401DE5D4C9D48298381B3A1 /* CrossSplitter.h */,
				ABEB61CBD79A439FB285DCCD /* DockBase.h */,
				DAF08F0CB74D41A8BC2B36D8 /* DockedTabControl.h */,
				F240686BB1E8443287634F84 /* Dragger.h */,
				A4B1892FDA5645548A690302 /* FieldLabel.h */,
				962D36AEB09B41C086EC266B /* FilePicker.h */,
				086C244C5854460DB8F3A7ED /* FolderPicker.h */,
				7B8874E9A48740AEAE8F9905 /* GroupBox.h */,
				4548CF1C96744869AACDF1A3 /* Highlight.h */,
				42D58D2E17454B4EB2FA98FD /* HorizontalScrollBar.h */,
				A2544385E7B14102A71E4B5D /* HorizontalSlider.h */,
				8BE630540F524AF3BB9BF4FC /* HSVColorPicker.h */,
				36485D7D33AC4A3781183B3C /* ImagePanel.h */,
				D95898DD5C484CA796F2B592 /* Label.h */,
				8783620B7DC345C4948DFA0E /* LabelClickable.h */,
				E17C38F8F61145F390964FAC /* ListBox.h */,
				D576C97207D34E68A57895C7 /* Menu.h */,
				29D61A9D465445A5B20E3EFA /* MenuItem.h */,
				CD736EE251804B80AE72320F /* MenuStrip.h */,
				D5A6C5019D454086AFC369EB /* Modal.h */,
				FD7C09047496443DBAA114D6 /* NumericUpDown.h */,
				68DC53AC2FF7422985E40747 /* PageControl.h */,
				A7D2024B32904A75B071886F /* ProgressBar.h */,
				9C51A154283F486BA258CC53 /* Properties.h */,
				C9D01227BF8A4167BBEED797 /* PropertyTree.h */,
				70EE52B28872477A8731A3E5 /* RadioButton.h */,
				CF89E4CDABD44B46A590C32C /* RadioButtonController.h */,
				F5624344F122475B85D8F28D /* Rectangle.h */,
				06DB779A637D40A8A4063ADB /* ResizableControl.h */,
				2415B5C9F02143E48B3B994A /* Resizer.h */,
				D62A3AF7F4C843699C265497 /* RichLabel.h */,
				9075A214672B4DD0AFAB0B37 /* ScrollBar.h */,
				256456E40EF14ADA8CA37253 /* ScrollBarBar.h */,
				DD163BD9BADF45A491A2E89E /* ScrollBarButton.h */,
				E38FBDB34080421E9F884409 /* ScrollControl.h */,
				FE99C3B0000A418C82A64F8E /* Slider.h */,
				9ED93EB46DA94D5089C05C55 /* SplitterBar.h */,
				DCC9316B6489407D9305AC2F /* Splitters.h */,
				800DFA51CE324249AD621405 /* StatusBar.h */,
				90555C424813452F96CF3D80 /* TabButton.h */,
				29AF0F26AEB44644BB19B6C0 /* TabControl.h */,
				DBB22FF2CEF14F52AE1E9F82 /* TabStrip.h */,
				7BB78D87C7E84F26A73B8C9B /* TabTitleBar.h */,
				2829426900E24FE8BC5EF104 /* Text.h */,
				397FBB885E1443D89C2B94C9 /* TextBox.h */,
				7049FCCD6BAA4653B8C2B071 /* ToolBar.h */,
				03F31DB71E68412584FE4674 /* TreeControl.h */,
				DF793A62B8B04C8AA64B55FA /* TreeNode.h */,
				77A1B102ECD846498BBAE6D7 /* VerticalScrollBar.h */,
				8CD64FEC723F4E8299AADB11 /* VerticalSlider.h */,
				76BB2F7ED87F4E6F8B8E7D51 /* WindowButtons.h */,
				935D10918363497AA85D7DA3 /* WindowCanvas.h */,
				AF4BC7DCD18A435F8BDAB625 /* WindowControl.h */,
				BCF246B08D4F45E8A0C2E6A4 /* Dialogs */,
				AD650CA88E5E4113B41991B8 /* Layout */,
				AA6DC5D1B74445B892C96384 /* Property */,
			);
			name = Controls;
			sourceTree = "<group>";
		};
/* End PBXGroup section */

/* Begin PBXNativeTarget section */
		8D1107260486CEB800E47090 /* CustomControlWindow */ = {
			isa = PBXNativeTarget;
			buildConfigurationList = C01FCF4A08A954540054247B /* Build configuration list for PBXNativeTarget "CustomControlWindow" */;
			buildPhases = (
				8D1107290486CEB800E47090 /* Resources */,
				8D11072C0486CEB800E47090 /* Sources */,
				8D11072E0486CEB800E47090 /* Frameworks */,
			);
			buildRules = (
			);
			dependencies = (
			);
			name = CustomControlWindow;
			productInstallPath = "$(HOME)/Applications";
			productName = CustomControlWindow;
			productReference = 8D1107320486CEB800E47090 /* CustomControlWindow.app */;
			productType = "com.apple.product-type.application";
		};
/* End PBXNativeTarget section */

/* Begin PBXProject section */
		29B97313FDCFA39411CA2CEA /* Project object */ = {
			isa = PBXProject;
			buildConfigurationList = C01FCF4E08A954540054247B /* Build configuration list for PBXProject "CustomControlWindow" */;
			compatibilityVersion = "Xcode 3.2";
			developmentRegion = English;
			hasScannedForEncodings = 1;
			knownRegions = (
				English,
				Japanese,
				French,
				German,
			);
			mainGroup = 29B97314FDCFA39411CA2CEA /* CustomControlWindow */;
			projectDirPath = "";
			projectRoot = "";
			targets = (
				8D1107260486CEB800E47090 /* CustomControlWindow */,
			);
		};
/* End PBXProject section */

/* Begin PBXResourcesBuildPhase section */
		8D1107290486CEB800E47090 /* Resources */ = {
			isa = PBXResourcesBuildPhase;
			buildActionMask = 2147483647;
			files = (
				4DBD59F31ABB4A0D9DC3BC0D /* CinderApp.icns in Resources */,
			);
			runOnlyForDeploymentPostprocessing = 0;
		};
/* End PBXResourcesBuildPhase section */

/* Begin PBXSourcesBuildPhase section */
		8D11072C0486CEB800E47090 /* Sources */ = {
			isa = PBXSourcesBuildPhase;
			buildActionMask = 2147483647;
			files = (
				7F9A107B2BB34D76A8ED2D43 /* CustomControlWindowApp.cpp in Sources */,
				DD0B73F9FFFD4078B4DDC399 /* CinderGwen.cpp in Sources */,
				BAB071F722BB4800B1AA0F48 /* GwenInput.cpp in Sources */,
				F71D4B9591D845EE8105C0A4 /* GwenRendererGl.cpp in Sources */,
				E0F45EBD45254D8594A8B61B /* Anim.cpp in Sources */,
				D78B173E832B40FFBBE17788 /* BaseRender.cpp in Sources */,
				EF2BA8AF038C47A399A3FDDE /* ControlList.cpp in Sources */,
				9FC48760F57E420F91B048C9 /* DragAndDrop.cpp in Sources */,
				F4D46A9D47A24B86AFC96518 /* events.cpp in Sources */,
				8D390F6E870A43DF89F8D657 /* Gwen.cpp in Sources */,
				D3CEFCB476944EDD8573A3D6 /* Hook.cpp in Sources */,
				8F2743817CE848DA8077423A /* inputhandler.cpp in Sources */,
				B7D66E750FB84A34BD54785E /* Skin.cpp in Sources */,
				9E06AC2CB9684BEF99609AAE /* ToolTip.cpp in Sources */,
				ABE727FAD2DE4FF3A8A9D71C /* Utility.cpp in Sources */,
				20639DBA151E4D149728D284 /* Base.cpp in Sources */,
				4C2CA1E6CFB44954B3F5F9AB /* Button.cpp in Sources */,
				B7C0DF066E92444BB98FA1C4 /* Canvas.cpp in Sources */,
				B62252EA2FE6470996F5BCB8 /* CheckBox.cpp in Sources */,
				E582F11EA1AE42FEAA6561D9 /* CollapsibleCategory.cpp in Sources */,
				AF391AC8D5264C11B78FB7FA /* ColorControls.cpp in Sources */,
				4CE28A91C77A469287D53E8D /* ColorPicker.cpp in Sources */,
				080240D96C584AF4871C62CB /* ComboBox.cpp in Sources */,
				FA21B0212C0F42B89686B754 /* CrossSplitter.cpp in Sources */,
				B7579093F36647CCADB0B65A /* DockBase.cpp in Sources */,
				008F6C29FE42445C9B9717AA /* DockedTabControl.cpp in Sources */,
				CAB04D2AC73D4D4A9B85C678 /* Dragger.cpp in Sources */,
				CE0436D7809C42B69CCECA1C /* GroupBox.cpp in Sources */,
				C3C3B729356A4865837E89EE /* HorizontalScrollBar.cpp in Sources */,
				5F3DD1366F224E3D99D86542 /* HorizontalSlider.cpp in Sources */,
				37A73654CA4F426FA607C24E /* HSVColorPicker.cpp in Sources */,
				4581D9DF45944AEBBE4DB4A8 /* ImagePanel.cpp in Sources */,
				6C87561E67764231998A0EC9 /* Label.cpp in Sources */,
				A3B26D99ED1349ED859242AE /* LabelClickable.cpp in Sources */,
				6796479292CB4484B45BE2F0 /* ListBox.cpp in Sources */,
				F199B464016D4E85903EDD11 /* Menu.cpp in Sources */,
				5C7FC65E2358473A817E4437 /* MenuItem.cpp in Sources */,
				47B5C5DFB2C04AFC8825D2B6 /* MenuStrip.cpp in Sources */,
				D508FA1AB0A44C5EA565A898 /* NumericUpDown.cpp in Sources */,
				9CB66C29DF9D4776B5872B82 /* PageControl.cpp in Sources */,
				C87F1F656F194AC299EC8D84 /* ProgressBar.cpp in Sources */,
				30C22417A2284B72BE1973F4 /* Properties.cpp in Sources */,
				EF2AD93D575F4924BBD4E429 /* PropertyTree.cpp in Sources */,
				47779A6560284CE7B6E0DF4A /* RadioButton.cpp in Sources */,
				3C729D970E034ABF9777CA86 /* RadioButtonController.cpp in Sources */,
				2F4339DBB16B4EBDA33C4E61 /* Rectangle.cpp in Sources */,
				F11A80616AD84AE796408ABA /* ResizableControl.cpp in Sources */,
				BD3184B6D03F49B786BB9D2C /* Resizer.cpp in Sources */,
				3B5877A937514D758490FDEA /* RichLabel.cpp in Sources */,
				E18640FC80CC4798847002B6 /* ScrollBar.cpp in Sources */,
				72A29914EBB3490FB6692B2D /* ScrollBarBar.cpp in Sources */,
				6E67D7DAA8904AA4B16FF0F4 /* ScrollBarButton.cpp in Sources */,
				3A936C082B704607BE98EFE1 /* ScrollControl.cpp in Sources */,
				AF8AE1729BD44D32A6C88DC3 /* Slider.cpp in Sources */,
				F2F349E590864CB69CAA6656 /* SplitterBar.cpp in Sources */,
				D919A36EDD0F4577A2741706 /* TabButton.cpp in Sources */,
				718EC7251947431A99DBCEBA /* TabControl.cpp in Sources */,
				7745574464194DD38D6F9BA9 /* TabStrip.cpp in Sources */,
				8333B6EA892845FAB330CC46 /* Text.cpp in Sources */,
				E61FC0012946429BAB824EF0 /* TextBox.cpp in Sources */,
				97C44B9B05C94B3A86AFFA7F /* TextBoxNumeric.cpp in Sources */,
				7702CFA0C121459B923E183E /* TreeControl.cpp in Sources */,
				AFCAAB152DF24B63BBDA99EA /* TreeNode.cpp in Sources */,
				4DE4EEEF85D4400592557679 /* VerticalScrollBar.cpp in Sources */,
				9C9431682FC64CBA970ACD59 /* VerticalSlider.cpp in Sources */,
				F8811A8EC46542DBBFA353F9 /* WindowCanvas.cpp in Sources */,
				075D3511F09F4D01B6CD4D60 /* WindowControl.cpp in Sources */,
				2DD563285D0948FBA9668849 /* FileOpen.cpp in Sources */,
				5CD43FF45C844D95A93CA1AB /* FileSave.cpp in Sources */,
				D670621A7E7E4A21ABCCE5B1 /* FolderOpen.cpp in Sources */,
				B78E17E2DC23451CB01769E5 /* Query.cpp in Sources */,
				11E59A8A16F8171E00C59A3D /* CustomControl.cpp in Sources */,
			);
			runOnlyForDeploymentPostprocessing = 0;
		};
/* End PBXSourcesBuildPhase section */

/* Begin XCBuildConfiguration section */
		C01FCF4B08A954540054247B /* Debug */ = {
			isa = XCBuildConfiguration;
			buildSettings = {
				COMBINE_HIDPI_IMAGES = YES;
				COPY_PHASE_STRIP = NO;
				DEAD_CODE_STRIPPING = YES;
				GCC_DYNAMIC_NO_PIC = NO;
				GCC_INLINES_ARE_PRIVATE_EXTERN = YES;
				GCC_OPTIMIZATION_LEVEL = 0;
				GCC_PRECOMPILE_PREFIX_HEADER = YES;
				GCC_PREFIX_HEADER = CustomControlWindow_Prefix.pch;
				GCC_PREPROCESSOR_DEFINITIONS = (
					"DEBUG=1",
					"$(inherited)",
				);
				GCC_SYMBOLS_PRIVATE_EXTERN = NO;
				INFOPLIST_FILE = Info.plist;
				INSTALL_PATH = "$(HOME)/Applications";
				OTHER_LDFLAGS = "\"$(CINDER_PATH)/lib/libcinder_d.a\"";
				PRODUCT_NAME = CustomControlWindow;
				SYMROOT = ./build;
				WRAPPER_EXTENSION = app;
			};
			name = Debug;
		};
		C01FCF4C08A954540054247B /* Release */ = {
			isa = XCBuildConfiguration;
			buildSettings = {
				COMBINE_HIDPI_IMAGES = YES;
				DEAD_CODE_STRIPPING = YES;
				DEBUG_INFORMATION_FORMAT = "dwarf-with-dsym";
				GCC_FAST_MATH = YES;
				GCC_GENERATE_DEBUGGING_SYMBOLS = NO;
				GCC_INLINES_ARE_PRIVATE_EXTERN = YES;
				GCC_OPTIMIZATION_LEVEL = 3;
				GCC_PRECOMPILE_PREFIX_HEADER = YES;
				GCC_PREFIX_HEADER = CustomControlWindow_Prefix.pch;
				GCC_SYMBOLS_PRIVATE_EXTERN = NO;
				INFOPLIST_FILE = Info.plist;
				INSTALL_PATH = "$(HOME)/Applications";
				OTHER_LDFLAGS = "\"$(CINDER_PATH)/lib/libcinder.a\"";
				PRODUCT_NAME = CustomControlWindow;
				STRIP_INSTALLED_PRODUCT = YES;
				SYMROOT = ./build;
				WRAPPER_EXTENSION = app;
			};
			name = Release;
		};
		C01FCF4F08A954540054247B /* Debug */ = {
			isa = XCBuildConfiguration;
			buildSettings = {
				ALWAYS_SEARCH_USER_PATHS = NO;
				ARCHS = i386;
				CINDER_PATH = ../../../../..;
				CLANG_CXX_LANGUAGE_STANDARD = "c++0x";
				CLANG_CXX_LIBRARY = "libc++";
				GCC_WARN_ABOUT_RETURN_TYPE = YES;
				GCC_WARN_UNUSED_VARIABLE = YES;
				HEADER_SEARCH_PATHS = "\"$(CINDER_PATH)/boost\"";
				MACOSX_DEPLOYMENT_TARGET = 10.7;
				SDKROOT = macosx;
				USER_HEADER_SEARCH_PATHS = "\"$(CINDER_PATH)/include\" ../include ../../../src ../../../gwen/gwen/include";
			};
			name = Debug;
		};
		C01FCF5008A954540054247B /* Release */ = {
			isa = XCBuildConfiguration;
			buildSettings = {
				ALWAYS_SEARCH_USER_PATHS = NO;
				ARCHS = i386;
				CINDER_PATH = ../../../../..;
				CLANG_CXX_LANGUAGE_STANDARD = "c++0x";
				CLANG_CXX_LIBRARY = "libc++";
				GCC_WARN_ABOUT_RETURN_TYPE = YES;
				GCC_WARN_UNUSED_VARIABLE = YES;
				HEADER_SEARCH_PATHS = "\"$(CINDER_PATH)/boost\"";
				MACOSX_DEPLOYMENT_TARGET = 10.7;
				SDKROOT = macosx;
				USER_HEADER_SEARCH_PATHS = "\"$(CINDER_PATH)/include\" ../include ../../../src ../../../gwen/gwen/include";
			};
			name = Release;
		};
/* End XCBuildConfiguration section */

/* Begin XCConfigurationList section */
		C01FCF4A08A954540054247B /* Build configuration list for PBXNativeTarget "CustomControlWindow" */ = {
			isa = XCConfigurationList;
			buildConfigurations = (
				C01FCF4B08A954540054247B /* Debug */,
				C01FCF4C08A954540054247B /* Release */,
			);
			defaultConfigurationIsVisible = 0;
			defaultConfigurationName = Release;
		};
		C01FCF4E08A954540054247B /* Build configuration list for PBXProject "CustomControlWindow" */ = {
			isa = XCConfigurationList;
			buildConfigurations = (
				C01FCF4F08A954540054247B /* Debug */,
				C01FCF5008A954540054247B /* Release */,
			);
			defaultConfigurationIsVisible = 0;
			defaultConfigurationName = Release;
		};
/* End XCConfigurationList section */
	};
	rootObject = 29B97313FDCFA39411CA2CEA /* Project object */;
}
