Microsoft Visual Studio Solution File, Format Version 11.00
# Visual C++ Express 2010
Project("{8BC9CEB8-8B4A-11D0-8D11-00A0C91BC942}") = "GwenUnitTest", "GwenUnitTest.vcxproj", "{96A5E418-EE84-4109-817C-D7D264FAD314}"
EndProject
Global
	GlobalSection(SolutionConfigurationPlatforms) = preSolution
		Debug|Win32 = Debug|Win32
		Release|Win32 = Release|Win32
	EndGlobalSection
	GlobalSection(ProjectConfigurationPlatforms) = postSolution
		{96A5E418-EE84-4109-817C-D7D264FAD314}.Debug|Win32.ActiveCfg = Debug|Win32
		{96A5E418-EE84-4109-817C-D7D264FAD314}.Debug|Win32.Build.0 = Debug|Win32
		{96A5E418-EE84-4109-817C-D7D264FAD314}.Release|Win32.ActiveCfg = Release|Win32
		{96A5E418-EE84-4109-817C-D7D264FAD314}.Release|Win32.Build.0 = Release|Win32
	EndGlobalSection
	GlobalSection(SolutionProperties) = preSolution
		HideSolutionNode = FALSE
	EndGlobalSection
EndGlobal
